// !$*UTF8*$!
{
	archiveVersion = 1;
	classes = {
	};
	objectVersion = 46;
	objects = {

/* Begin PBXBuildFile section */
		8815FB36F7BEE2A4BE4A3AC7 /* Pods_FireBaseTest.framework in Frameworks */ = {isa = PBXBuildFile; fileRef = E0C610BAE1BD1E6C161732CE /* Pods_FireBaseTest.framework */; };
		BE3E79041E55A06700A515D1 /* AppDelegate.swift in Sources */ = {isa = PBXBuildFile; fileRef = BE3E79031E55A06700A515D1 /* AppDelegate.swift */; };
		BE3E79061E55A06700A515D1 /* LoginViewController.swift in Sources */ = {isa = PBXBuildFile; fileRef = BE3E79051E55A06700A515D1 /* LoginViewController.swift */; };
		BE3E79091E55A06700A515D1 /* Main.storyboard in Resources */ = {isa = PBXBuildFile; fileRef = BE3E79071E55A06700A515D1 /* Main.storyboard */; };
		BE3E790B1E55A06700A515D1 /* Assets.xcassets in Resources */ = {isa = PBXBuildFile; fileRef = BE3E790A1E55A06700A515D1 /* Assets.xcassets */; };
		BE3E790E1E55A06700A515D1 /* LaunchScreen.storyboard in Resources */ = {isa = PBXBuildFile; fileRef = BE3E790C1E55A06700A515D1 /* LaunchScreen.storyboard */; };
		BE3E79191E55A06800A515D1 /* FireBaseTestTests.swift in Sources */ = {isa = PBXBuildFile; fileRef = BE3E79181E55A06800A515D1 /* FireBaseTestTests.swift */; };
		BE3E79241E55A06800A515D1 /* FireBaseTestUITests.swift in Sources */ = {isa = PBXBuildFile; fileRef = BE3E79231E55A06800A515D1 /* FireBaseTestUITests.swift */; };
		BE3E79321E55B79600A515D1 /* MyTableViewTableViewController.swift in Sources */ = {isa = PBXBuildFile; fileRef = BE3E79311E55B79600A515D1 /* MyTableViewTableViewController.swift */; };
		BE3E79341E55B84900A515D1 /* MapViewController.swift in Sources */ = {isa = PBXBuildFile; fileRef = BE3E79331E55B84900A515D1 /* MapViewController.swift */; };
		BE3E79381E55BF4A00A515D1 /* Windmills.swift in Sources */ = {isa = PBXBuildFile; fileRef = BE3E79361E55BF4A00A515D1 /* Windmills.swift */; };
		BE3E79401E55CB4800A515D1 /* MapAnnotation.swift in Sources */ = {isa = PBXBuildFile; fileRef = BE3E793F1E55CB4800A515D1 /* MapAnnotation.swift */; };
		BE5F20971E61A88000866ACD /* WindmillAnnotation.swift in Sources */ = {isa = PBXBuildFile; fileRef = BE5F20961E61A87F00866ACD /* WindmillAnnotation.swift */; };
		BEB470591E55DDC400DDB543 /* GoogleService-Info.plist in Resources */ = {isa = PBXBuildFile; fileRef = BEB470581E55DDC400DDB543 /* GoogleService-Info.plist */; };
		BEB4705B1E55E74E00DDB543 /* Constants.swift in Sources */ = {isa = PBXBuildFile; fileRef = BEB4705A1E55E74E00DDB543 /* Constants.swift */; };
		BEB4705D1E55E9CE00DDB543 /* WindmillsDataRetriever.swift in Sources */ = {isa = PBXBuildFile; fileRef = BEB4705C1E55E9CE00DDB543 /* WindmillsDataRetriever.swift */; };
		BEF6851A1E60238B002EEA70 /* DataProvider.swift in Sources */ = {isa = PBXBuildFile; fileRef = BEF6850B1E60238B002EEA70 /* DataProvider.swift */; };
		BEF6851B1E60238B002EEA70 /* Festivals.json in Resources */ = {isa = PBXBuildFile; fileRef = BEF6850C1E60238B002EEA70 /* Festivals.json */; };
		BEF6851C1E60238B002EEA70 /* Dates.swift in Sources */ = {isa = PBXBuildFile; fileRef = BEF6850E1E60238B002EEA70 /* Dates.swift */; };
		BEF6851D1E60238B002EEA70 /* De.swift in Sources */ = {isa = PBXBuildFile; fileRef = BEF6850F1E60238B002EEA70 /* De.swift */; };
		BEF6851E1E60238B002EEA70 /* Details.swift in Sources */ = {isa = PBXBuildFile; fileRef = BEF685101E60238B002EEA70 /* Details.swift */; };
		BEF6851F1E60238B002EEA70 /* En.swift in Sources */ = {isa = PBXBuildFile; fileRef = BEF685111E60238B002EEA70 /* En.swift */; };
		BEF685201E60238B002EEA70 /* Es.swift in Sources */ = {isa = PBXBuildFile; fileRef = BEF685121E60238B002EEA70 /* Es.swift */; };
		BEF685211E60238B002EEA70 /* Festival.swift in Sources */ = {isa = PBXBuildFile; fileRef = BEF685131E60238B002EEA70 /* Festival.swift */; };
		BEF685221E60238B002EEA70 /* Fr.swift in Sources */ = {isa = PBXBuildFile; fileRef = BEF685141E60238B002EEA70 /* Fr.swift */; };
		BEF685231E60238B002EEA70 /* It.swift in Sources */ = {isa = PBXBuildFile; fileRef = BEF685151E60238B002EEA70 /* It.swift */; };
		BEF685241E60238B002EEA70 /* Location.swift in Sources */ = {isa = PBXBuildFile; fileRef = BEF685161E60238B002EEA70 /* Location.swift */; };
		BEF685251E60238B002EEA70 /* Media.swift in Sources */ = {isa = PBXBuildFile; fileRef = BEF685171E60238B002EEA70 /* Media.swift */; };
		BEF685261E60238B002EEA70 /* Nl.swift in Sources */ = {isa = PBXBuildFile; fileRef = BEF685181E60238B002EEA70 /* Nl.swift */; };
		BEF685271E60238B002EEA70 /* Types.swift in Sources */ = {isa = PBXBuildFile; fileRef = BEF685191E60238B002EEA70 /* Types.swift */; };
		BEF6852A1E60533A002EEA70 /* DetailViewTableViewController.swift in Sources */ = {isa = PBXBuildFile; fileRef = BEF685291E60533A002EEA70 /* DetailViewTableViewController.swift */; };
/* End PBXBuildFile section */

/* Begin PBXContainerItemProxy section */
		BE3E79151E55A06800A515D1 /* PBXContainerItemProxy */ = {
			isa = PBXContainerItemProxy;
			containerPortal = BE3E78F81E55A06700A515D1 /* Project object */;
			proxyType = 1;
			remoteGlobalIDString = BE3E78FF1E55A06700A515D1;
			remoteInfo = FireBaseTest;
		};
		BE3E79201E55A06800A515D1 /* PBXContainerItemProxy */ = {
			isa = PBXContainerItemProxy;
			containerPortal = BE3E78F81E55A06700A515D1 /* Project object */;
			proxyType = 1;
			remoteGlobalIDString = BE3E78FF1E55A06700A515D1;
			remoteInfo = FireBaseTest;
		};
/* End PBXContainerItemProxy section */

/* Begin PBXFileReference section */
		1734F162FBAFDE52B63D3A19 /* Pods-FireBaseTest.release.xcconfig */ = {isa = PBXFileReference; includeInIndex = 1; lastKnownFileType = text.xcconfig; name = "Pods-FireBaseTest.release.xcconfig"; path = "Pods/Target Support Files/Pods-FireBaseTest/Pods-FireBaseTest.release.xcconfig"; sourceTree = "<group>"; };
		3695DD53B6F297DB981142FD /* Pods_FireBaseTestTests.framework */ = {isa = PBXFileReference; explicitFileType = wrapper.framework; includeInIndex = 0; path = Pods_FireBaseTestTests.framework; sourceTree = BUILT_PRODUCTS_DIR; };
		78ECFC9F2AB08087F921AD37 /* Pods_FireBaseTestUITests.framework */ = {isa = PBXFileReference; explicitFileType = wrapper.framework; includeInIndex = 0; path = Pods_FireBaseTestUITests.framework; sourceTree = BUILT_PRODUCTS_DIR; };
		AA55BD4BEB5356A4B8996367 /* Pods-FireBaseTest.debug.xcconfig */ = {isa = PBXFileReference; includeInIndex = 1; lastKnownFileType = text.xcconfig; name = "Pods-FireBaseTest.debug.xcconfig"; path = "Pods/Target Support Files/Pods-FireBaseTest/Pods-FireBaseTest.debug.xcconfig"; sourceTree = "<group>"; };
		BE3E79001E55A06700A515D1 /* FireBaseTest.app */ = {isa = PBXFileReference; explicitFileType = wrapper.application; includeInIndex = 0; path = FireBaseTest.app; sourceTree = BUILT_PRODUCTS_DIR; };
		BE3E79031E55A06700A515D1 /* AppDelegate.swift */ = {isa = PBXFileReference; lastKnownFileType = sourcecode.swift; path = AppDelegate.swift; sourceTree = "<group>"; };
		BE3E79051E55A06700A515D1 /* LoginViewController.swift */ = {isa = PBXFileReference; lastKnownFileType = sourcecode.swift; path = LoginViewController.swift; sourceTree = "<group>"; };
		BE3E79081E55A06700A515D1 /* Base */ = {isa = PBXFileReference; lastKnownFileType = file.storyboard; name = Base; path = Base.lproj/Main.storyboard; sourceTree = "<group>"; };
		BE3E790A1E55A06700A515D1 /* Assets.xcassets */ = {isa = PBXFileReference; lastKnownFileType = folder.assetcatalog; path = Assets.xcassets; sourceTree = "<group>"; };
		BE3E790D1E55A06700A515D1 /* Base */ = {isa = PBXFileReference; lastKnownFileType = file.storyboard; name = Base; path = Base.lproj/LaunchScreen.storyboard; sourceTree = "<group>"; };
		BE3E790F1E55A06700A515D1 /* Info.plist */ = {isa = PBXFileReference; lastKnownFileType = text.plist.xml; path = Info.plist; sourceTree = "<group>"; };
		BE3E79141E55A06800A515D1 /* FireBaseTestTests.xctest */ = {isa = PBXFileReference; explicitFileType = wrapper.cfbundle; includeInIndex = 0; path = FireBaseTestTests.xctest; sourceTree = BUILT_PRODUCTS_DIR; };
		BE3E79181E55A06800A515D1 /* FireBaseTestTests.swift */ = {isa = PBXFileReference; lastKnownFileType = sourcecode.swift; path = FireBaseTestTests.swift; sourceTree = "<group>"; };
		BE3E791A1E55A06800A515D1 /* Info.plist */ = {isa = PBXFileReference; lastKnownFileType = text.plist.xml; path = Info.plist; sourceTree = "<group>"; };
		BE3E791F1E55A06800A515D1 /* FireBaseTestUITests.xctest */ = {isa = PBXFileReference; explicitFileType = wrapper.cfbundle; includeInIndex = 0; path = FireBaseTestUITests.xctest; sourceTree = BUILT_PRODUCTS_DIR; };
		BE3E79231E55A06800A515D1 /* FireBaseTestUITests.swift */ = {isa = PBXFileReference; lastKnownFileType = sourcecode.swift; path = FireBaseTestUITests.swift; sourceTree = "<group>"; };
		BE3E79251E55A06800A515D1 /* Info.plist */ = {isa = PBXFileReference; lastKnownFileType = text.plist.xml; path = Info.plist; sourceTree = "<group>"; };
		BE3E79311E55B79600A515D1 /* MyTableViewTableViewController.swift */ = {isa = PBXFileReference; fileEncoding = 4; lastKnownFileType = sourcecode.swift; path = MyTableViewTableViewController.swift; sourceTree = "<group>"; };
		BE3E79331E55B84900A515D1 /* MapViewController.swift */ = {isa = PBXFileReference; fileEncoding = 4; lastKnownFileType = sourcecode.swift; path = MapViewController.swift; sourceTree = "<group>"; };
		BE3E79361E55BF4A00A515D1 /* Windmills.swift */ = {isa = PBXFileReference; fileEncoding = 4; lastKnownFileType = sourcecode.swift; path = Windmills.swift; sourceTree = "<group>"; };
		BE3E793F1E55CB4800A515D1 /* MapAnnotation.swift */ = {isa = PBXFileReference; fileEncoding = 4; lastKnownFileType = sourcecode.swift; path = MapAnnotation.swift; sourceTree = "<group>"; };
		BE5F20961E61A87F00866ACD /* WindmillAnnotation.swift */ = {isa = PBXFileReference; fileEncoding = 4; lastKnownFileType = sourcecode.swift; path = WindmillAnnotation.swift; sourceTree = "<group>"; };
		BEB470581E55DDC400DDB543 /* GoogleService-Info.plist */ = {isa = PBXFileReference; fileEncoding = 4; lastKnownFileType = text.plist.xml; path = "GoogleService-Info.plist"; sourceTree = "<group>"; };
		BEB4705A1E55E74E00DDB543 /* Constants.swift */ = {isa = PBXFileReference; fileEncoding = 4; lastKnownFileType = sourcecode.swift; path = Constants.swift; sourceTree = "<group>"; };
		BEB4705C1E55E9CE00DDB543 /* WindmillsDataRetriever.swift */ = {isa = PBXFileReference; fileEncoding = 4; lastKnownFileType = sourcecode.swift; path = WindmillsDataRetriever.swift; sourceTree = "<group>"; };
		BEF6850B1E60238B002EEA70 /* DataProvider.swift */ = {isa = PBXFileReference; fileEncoding = 4; lastKnownFileType = sourcecode.swift; path = DataProvider.swift; sourceTree = "<group>"; };
		BEF6850C1E60238B002EEA70 /* Festivals.json */ = {isa = PBXFileReference; fileEncoding = 4; lastKnownFileType = text.json; path = Festivals.json; sourceTree = "<group>"; };
		BEF6850E1E60238B002EEA70 /* Dates.swift */ = {isa = PBXFileReference; fileEncoding = 4; lastKnownFileType = sourcecode.swift; path = Dates.swift; sourceTree = "<group>"; };
		BEF6850F1E60238B002EEA70 /* De.swift */ = {isa = PBXFileReference; fileEncoding = 4; lastKnownFileType = sourcecode.swift; path = De.swift; sourceTree = "<group>"; };
		BEF685101E60238B002EEA70 /* Details.swift */ = {isa = PBXFileReference; fileEncoding = 4; lastKnownFileType = sourcecode.swift; path = Details.swift; sourceTree = "<group>"; };
		BEF685111E60238B002EEA70 /* En.swift */ = {isa = PBXFileReference; fileEncoding = 4; lastKnownFileType = sourcecode.swift; path = En.swift; sourceTree = "<group>"; };
		BEF685121E60238B002EEA70 /* Es.swift */ = {isa = PBXFileReference; fileEncoding = 4; lastKnownFileType = sourcecode.swift; path = Es.swift; sourceTree = "<group>"; };
		BEF685131E60238B002EEA70 /* Festival.swift */ = {isa = PBXFileReference; fileEncoding = 4; lastKnownFileType = sourcecode.swift; path = Festival.swift; sourceTree = "<group>"; };
		BEF685141E60238B002EEA70 /* Fr.swift */ = {isa = PBXFileReference; fileEncoding = 4; lastKnownFileType = sourcecode.swift; path = Fr.swift; sourceTree = "<group>"; };
		BEF685151E60238B002EEA70 /* It.swift */ = {isa = PBXFileReference; fileEncoding = 4; lastKnownFileType = sourcecode.swift; path = It.swift; sourceTree = "<group>"; };
		BEF685161E60238B002EEA70 /* Location.swift */ = {isa = PBXFileReference; fileEncoding = 4; lastKnownFileType = sourcecode.swift; path = Location.swift; sourceTree = "<group>"; };
		BEF685171E60238B002EEA70 /* Media.swift */ = {isa = PBXFileReference; fileEncoding = 4; lastKnownFileType = sourcecode.swift; path = Media.swift; sourceTree = "<group>"; };
		BEF685181E60238B002EEA70 /* Nl.swift */ = {isa = PBXFileReference; fileEncoding = 4; lastKnownFileType = sourcecode.swift; path = Nl.swift; sourceTree = "<group>"; };
		BEF685191E60238B002EEA70 /* Types.swift */ = {isa = PBXFileReference; fileEncoding = 4; lastKnownFileType = sourcecode.swift; path = Types.swift; sourceTree = "<group>"; };
		BEF685291E60533A002EEA70 /* DetailViewTableViewController.swift */ = {isa = PBXFileReference; fileEncoding = 4; lastKnownFileType = sourcecode.swift; path = DetailViewTableViewController.swift; sourceTree = "<group>"; };
		E0C610BAE1BD1E6C161732CE /* Pods_FireBaseTest.framework */ = {isa = PBXFileReference; explicitFileType = wrapper.framework; includeInIndex = 0; path = Pods_FireBaseTest.framework; sourceTree = BUILT_PRODUCTS_DIR; };
/* End PBXFileReference section */

/* Begin PBXFrameworksBuildPhase section */
		BE3E78FD1E55A06700A515D1 /* Frameworks */ = {
			isa = PBXFrameworksBuildPhase;
			buildActionMask = 2147483647;
			files = (
				8815FB36F7BEE2A4BE4A3AC7 /* Pods_FireBaseTest.framework in Frameworks */,
			);
			runOnlyForDeploymentPostprocessing = 0;
		};
		BE3E79111E55A06800A515D1 /* Frameworks */ = {
			isa = PBXFrameworksBuildPhase;
			buildActionMask = 2147483647;
			files = (
			);
			runOnlyForDeploymentPostprocessing = 0;
		};
		BE3E791C1E55A06800A515D1 /* Frameworks */ = {
			isa = PBXFrameworksBuildPhase;
			buildActionMask = 2147483647;
			files = (
			);
			runOnlyForDeploymentPostprocessing = 0;
		};
/* End PBXFrameworksBuildPhase section */

/* Begin PBXGroup section */
		0FAA62A847EC916A95183D8A /* Frameworks */ = {
			isa = PBXGroup;
			children = (
				E0C610BAE1BD1E6C161732CE /* Pods_FireBaseTest.framework */,
				3695DD53B6F297DB981142FD /* Pods_FireBaseTestTests.framework */,
				78ECFC9F2AB08087F921AD37 /* Pods_FireBaseTestUITests.framework */,
			);
			name = Frameworks;
			sourceTree = "<group>";
		};
		BE3E78F71E55A06700A515D1 = {
			isa = PBXGroup;
			children = (
				BE3E79021E55A06700A515D1 /* FireBaseTest */,
				BE3E79171E55A06800A515D1 /* FireBaseTestTests */,
				BE3E79221E55A06800A515D1 /* FireBaseTestUITests */,
				BE3E79011E55A06700A515D1 /* Products */,
				DCCE1F5EEBFA11274D6B5238 /* Pods */,
				0FAA62A847EC916A95183D8A /* Frameworks */,
			);
			sourceTree = "<group>";
		};
		BE3E79011E55A06700A515D1 /* Products */ = {
			isa = PBXGroup;
			children = (
				BE3E79001E55A06700A515D1 /* FireBaseTest.app */,
				BE3E79141E55A06800A515D1 /* FireBaseTestTests.xctest */,
				BE3E791F1E55A06800A515D1 /* FireBaseTestUITests.xctest */,
			);
			name = Products;
			sourceTree = "<group>";
		};
		BE3E79021E55A06700A515D1 /* FireBaseTest */ = {
			isa = PBXGroup;
			children = (
				BEF685281E605322002EEA70 /* DetailView */,
				BEF6850A1E60238B002EEA70 /* DataLayer */,
				BE3E793C1E55BF9700A515D1 /* List Of windmills */,
				BE3E793B1E55BF8D00A515D1 /* Map View */,
				BE3E793A1E55BF7900A515D1 /* Login */,
				BE3E79391E55BF4E00A515D1 /* Data */,
				BE3E79031E55A06700A515D1 /* AppDelegate.swift */,
				BE3E79071E55A06700A515D1 /* Main.storyboard */,
				BE3E790A1E55A06700A515D1 /* Assets.xcassets */,
				BE3E790C1E55A06700A515D1 /* LaunchScreen.storyboard */,
				BE3E790F1E55A06700A515D1 /* Info.plist */,
				BEB470581E55DDC400DDB543 /* GoogleService-Info.plist */,
				BEB4705A1E55E74E00DDB543 /* Constants.swift */,
			);
			path = FireBaseTest;
			sourceTree = "<group>";
		};
		BE3E79171E55A06800A515D1 /* FireBaseTestTests */ = {
			isa = PBXGroup;
			children = (
				BE3E79181E55A06800A515D1 /* FireBaseTestTests.swift */,
				BE3E791A1E55A06800A515D1 /* Info.plist */,
			);
			path = FireBaseTestTests;
			sourceTree = "<group>";
		};
		BE3E79221E55A06800A515D1 /* FireBaseTestUITests */ = {
			isa = PBXGroup;
			children = (
				BE3E79231E55A06800A515D1 /* FireBaseTestUITests.swift */,
				BE3E79251E55A06800A515D1 /* Info.plist */,
			);
			path = FireBaseTestUITests;
			sourceTree = "<group>";
		};
		BE3E79391E55BF4E00A515D1 /* Data */ = {
			isa = PBXGroup;
			children = (
				BE3E79361E55BF4A00A515D1 /* Windmills.swift */,
				BEB4705C1E55E9CE00DDB543 /* WindmillsDataRetriever.swift */,
			);
			name = Data;
			sourceTree = "<group>";
		};
		BE3E793A1E55BF7900A515D1 /* Login */ = {
			isa = PBXGroup;
			children = (
				BE3E79051E55A06700A515D1 /* LoginViewController.swift */,
			);
			name = Login;
			sourceTree = "<group>";
		};
		BE3E793B1E55BF8D00A515D1 /* Map View */ = {
			isa = PBXGroup;
			children = (
				BE3E79331E55B84900A515D1 /* MapViewController.swift */,
				BE3E793F1E55CB4800A515D1 /* MapAnnotation.swift */,
				BE5F20961E61A87F00866ACD /* WindmillAnnotation.swift */,
			);
			name = "Map View";
			sourceTree = "<group>";
		};
		BE3E793C1E55BF9700A515D1 /* List Of windmills */ = {
			isa = PBXGroup;
			children = (
				BE3E79311E55B79600A515D1 /* MyTableViewTableViewController.swift */,
			);
			name = "List Of windmills";
			sourceTree = "<group>";
		};
		BEF6850A1E60238B002EEA70 /* DataLayer */ = {
			isa = PBXGroup;
			children = (
				BEF6850B1E60238B002EEA70 /* DataProvider.swift */,
				BEF6850C1E60238B002EEA70 /* Festivals.json */,
				BEF6850D1E60238B002EEA70 /* Model */,
			);
			path = DataLayer;
			sourceTree = "<group>";
		};
		BEF6850D1E60238B002EEA70 /* Model */ = {
			isa = PBXGroup;
			children = (
				BEF6850E1E60238B002EEA70 /* Dates.swift */,
				BEF6850F1E60238B002EEA70 /* De.swift */,
				BEF685101E60238B002EEA70 /* Details.swift */,
				BEF685111E60238B002EEA70 /* En.swift */,
				BEF685121E60238B002EEA70 /* Es.swift */,
				BEF685131E60238B002EEA70 /* Festival.swift */,
				BEF685141E60238B002EEA70 /* Fr.swift */,
				BEF685151E60238B002EEA70 /* It.swift */,
				BEF685161E60238B002EEA70 /* Location.swift */,
				BEF685171E60238B002EEA70 /* Media.swift */,
				BEF685181E60238B002EEA70 /* Nl.swift */,
				BEF685191E60238B002EEA70 /* Types.swift */,
			);
			path = Model;
			sourceTree = "<group>";
		};
		BEF685281E605322002EEA70 /* DetailView */ = {
			isa = PBXGroup;
			children = (
				BEF685291E60533A002EEA70 /* DetailViewTableViewController.swift */,
			);
			name = DetailView;
			sourceTree = "<group>";
		};
		DCCE1F5EEBFA11274D6B5238 /* Pods */ = {
			isa = PBXGroup;
			children = (
				AA55BD4BEB5356A4B8996367 /* Pods-FireBaseTest.debug.xcconfig */,
				1734F162FBAFDE52B63D3A19 /* Pods-FireBaseTest.release.xcconfig */,
			);
			name = Pods;
			sourceTree = "<group>";
		};
/* End PBXGroup section */

/* Begin PBXNativeTarget section */
		BE3E78FF1E55A06700A515D1 /* FireBaseTest */ = {
			isa = PBXNativeTarget;
			buildConfigurationList = BE3E79281E55A06800A515D1 /* Build configuration list for PBXNativeTarget "FireBaseTest" */;
			buildPhases = (
				466D5B7B3C62108E4FC9874F /* [CP] Check Pods Manifest.lock */,
				BE3E78FC1E55A06700A515D1 /* Sources */,
				BE3E78FD1E55A06700A515D1 /* Frameworks */,
				BE3E78FE1E55A06700A515D1 /* Resources */,
				BC748EBFD9453E054AF6C90D /* [CP] Embed Pods Frameworks */,
				BB1F5D41D7483F491BDF5A70 /* [CP] Copy Pods Resources */,
			);
			buildRules = (
			);
			dependencies = (
			);
			name = FireBaseTest;
			productName = FireBaseTest;
			productReference = BE3E79001E55A06700A515D1 /* FireBaseTest.app */;
			productType = "com.apple.product-type.application";
		};
		BE3E79131E55A06800A515D1 /* FireBaseTestTests */ = {
			isa = PBXNativeTarget;
			buildConfigurationList = BE3E792B1E55A06800A515D1 /* Build configuration list for PBXNativeTarget "FireBaseTestTests" */;
			buildPhases = (
				BE3E79101E55A06800A515D1 /* Sources */,
				BE3E79111E55A06800A515D1 /* Frameworks */,
				BE3E79121E55A06800A515D1 /* Resources */,
			);
			buildRules = (
			);
			dependencies = (
				BE3E79161E55A06800A515D1 /* PBXTargetDependency */,
			);
			name = FireBaseTestTests;
			productName = FireBaseTestTests;
			productReference = BE3E79141E55A06800A515D1 /* FireBaseTestTests.xctest */;
			productType = "com.apple.product-type.bundle.unit-test";
		};
		BE3E791E1E55A06800A515D1 /* FireBaseTestUITests */ = {
			isa = PBXNativeTarget;
			buildConfigurationList = BE3E792E1E55A06800A515D1 /* Build configuration list for PBXNativeTarget "FireBaseTestUITests" */;
			buildPhases = (
				BE3E791B1E55A06800A515D1 /* Sources */,
				BE3E791C1E55A06800A515D1 /* Frameworks */,
				BE3E791D1E55A06800A515D1 /* Resources */,
			);
			buildRules = (
			);
			dependencies = (
				BE3E79211E55A06800A515D1 /* PBXTargetDependency */,
			);
			name = FireBaseTestUITests;
			productName = FireBaseTestUITests;
			productReference = BE3E791F1E55A06800A515D1 /* FireBaseTestUITests.xctest */;
			productType = "com.apple.product-type.bundle.ui-testing";
		};
/* End PBXNativeTarget section */

/* Begin PBXProject section */
		BE3E78F81E55A06700A515D1 /* Project object */ = {
			isa = PBXProject;
			attributes = {
				LastSwiftUpdateCheck = 0820;
				LastUpgradeCheck = 0820;
				ORGANIZATIONNAME = "Ben Smith";
				TargetAttributes = {
					BE3E78FF1E55A06700A515D1 = {
						CreatedOnToolsVersion = 8.2.1;
						ProvisioningStyle = Automatic;
					};
					BE3E79131E55A06800A515D1 = {
						CreatedOnToolsVersion = 8.2.1;
						ProvisioningStyle = Automatic;
						TestTargetID = BE3E78FF1E55A06700A515D1;
					};
					BE3E791E1E55A06800A515D1 = {
						CreatedOnToolsVersion = 8.2.1;
						ProvisioningStyle = Automatic;
						TestTargetID = BE3E78FF1E55A06700A515D1;
					};
				};
			};
			buildConfigurationList = BE3E78FB1E55A06700A515D1 /* Build configuration list for PBXProject "FireBaseTest" */;
			compatibilityVersion = "Xcode 3.2";
			developmentRegion = English;
			hasScannedForEncodings = 0;
			knownRegions = (
				en,
				Base,
			);
			mainGroup = BE3E78F71E55A06700A515D1;
			productRefGroup = BE3E79011E55A06700A515D1 /* Products */;
			projectDirPath = "";
			projectRoot = "";
			targets = (
				BE3E78FF1E55A06700A515D1 /* FireBaseTest */,
				BE3E79131E55A06800A515D1 /* FireBaseTestTests */,
				BE3E791E1E55A06800A515D1 /* FireBaseTestUITests */,
			);
		};
/* End PBXProject section */

/* Begin PBXResourcesBuildPhase section */
		BE3E78FE1E55A06700A515D1 /* Resources */ = {
			isa = PBXResourcesBuildPhase;
			buildActionMask = 2147483647;
			files = (
				BE3E790E1E55A06700A515D1 /* LaunchScreen.storyboard in Resources */,
				BEB470591E55DDC400DDB543 /* GoogleService-Info.plist in Resources */,
				BE3E790B1E55A06700A515D1 /* Assets.xcassets in Resources */,
				BEF6851B1E60238B002EEA70 /* Festivals.json in Resources */,
				BE3E79091E55A06700A515D1 /* Main.storyboard in Resources */,
			);
			runOnlyForDeploymentPostprocessing = 0;
		};
		BE3E79121E55A06800A515D1 /* Resources */ = {
			isa = PBXResourcesBuildPhase;
			buildActionMask = 2147483647;
			files = (
			);
			runOnlyForDeploymentPostprocessing = 0;
		};
		BE3E791D1E55A06800A515D1 /* Resources */ = {
			isa = PBXResourcesBuildPhase;
			buildActionMask = 2147483647;
			files = (
			);
			runOnlyForDeploymentPostprocessing = 0;
		};
/* End PBXResourcesBuildPhase section */

/* Begin PBXShellScriptBuildPhase section */
		466D5B7B3C62108E4FC9874F /* [CP] Check Pods Manifest.lock */ = {
			isa = PBXShellScriptBuildPhase;
			buildActionMask = 2147483647;
			files = (
			);
			inputPaths = (
			);
			name = "[CP] Check Pods Manifest.lock";
			outputPaths = (
			);
			runOnlyForDeploymentPostprocessing = 0;
			shellPath = /bin/sh;
			shellScript = "diff \"${PODS_ROOT}/../Podfile.lock\" \"${PODS_ROOT}/Manifest.lock\" > /dev/null\nif [ $? != 0 ] ; then\n    # print error to STDERR\n    echo \"error: The sandbox is not in sync with the Podfile.lock. Run 'pod install' or update your CocoaPods installation.\" >&2\n    exit 1\nfi\n";
			showEnvVarsInLog = 0;
		};
		BB1F5D41D7483F491BDF5A70 /* [CP] Copy Pods Resources */ = {
			isa = PBXShellScriptBuildPhase;
			buildActionMask = 2147483647;
			files = (
			);
			inputPaths = (
			);
			name = "[CP] Copy Pods Resources";
			outputPaths = (
			);
			runOnlyForDeploymentPostprocessing = 0;
			shellPath = /bin/sh;
			shellScript = "\"${SRCROOT}/Pods/Target Support Files/Pods-FireBaseTest/Pods-FireBaseTest-resources.sh\"\n";
			showEnvVarsInLog = 0;
		};
		BC748EBFD9453E054AF6C90D /* [CP] Embed Pods Frameworks */ = {
			isa = PBXShellScriptBuildPhase;
			buildActionMask = 2147483647;
			files = (
			);
			inputPaths = (
			);
			name = "[CP] Embed Pods Frameworks";
			outputPaths = (
			);
			runOnlyForDeploymentPostprocessing = 0;
			shellPath = /bin/sh;
			shellScript = "\"${SRCROOT}/Pods/Target Support Files/Pods-FireBaseTest/Pods-FireBaseTest-frameworks.sh\"\n";
			showEnvVarsInLog = 0;
		};
/* End PBXShellScriptBuildPhase section */

/* Begin PBXSourcesBuildPhase section */
		BE3E78FC1E55A06700A515D1 /* Sources */ = {
			isa = PBXSourcesBuildPhase;
			buildActionMask = 2147483647;
			files = (
				BEF685251E60238B002EEA70 /* Media.swift in Sources */,
				BE3E79061E55A06700A515D1 /* LoginViewController.swift in Sources */,
				BEF6851C1E60238B002EEA70 /* Dates.swift in Sources */,
				BEF685271E60238B002EEA70 /* Types.swift in Sources */,
				BEF6851E1E60238B002EEA70 /* Details.swift in Sources */,
				BE3E79041E55A06700A515D1 /* AppDelegate.swift in Sources */,
				BEF685241E60238B002EEA70 /* Location.swift in Sources */,
				BE3E79321E55B79600A515D1 /* MyTableViewTableViewController.swift in Sources */,
				BE3E79381E55BF4A00A515D1 /* Windmills.swift in Sources */,
				BEF6851D1E60238B002EEA70 /* De.swift in Sources */,
				BEB4705D1E55E9CE00DDB543 /* WindmillsDataRetriever.swift in Sources */,
				BEF685231E60238B002EEA70 /* It.swift in Sources */,
				BEF685211E60238B002EEA70 /* Festival.swift in Sources */,
				BE3E79341E55B84900A515D1 /* MapViewController.swift in Sources */,
				BEF685261E60238B002EEA70 /* Nl.swift in Sources */,
				BEF685201E60238B002EEA70 /* Es.swift in Sources */,
				BEF685221E60238B002EEA70 /* Fr.swift in Sources */,
				BEF6851A1E60238B002EEA70 /* DataProvider.swift in Sources */,
				BE3E79401E55CB4800A515D1 /* MapAnnotation.swift in Sources */,
				BEF6852A1E60533A002EEA70 /* DetailViewTableViewController.swift in Sources */,
				BEB4705B1E55E74E00DDB543 /* Constants.swift in Sources */,
				BE5F20971E61A88000866ACD /* WindmillAnnotation.swift in Sources */,
				BEF6851F1E60238B002EEA70 /* En.swift in Sources */,
			);
			runOnlyForDeploymentPostprocessing = 0;
		};
		BE3E79101E55A06800A515D1 /* Sources */ = {
			isa = PBXSourcesBuildPhase;
			buildActionMask = 2147483647;
			files = (
				BE3E79191E55A06800A515D1 /* FireBaseTestTests.swift in Sources */,
			);
			runOnlyForDeploymentPostprocessing = 0;
		};
		BE3E791B1E55A06800A515D1 /* Sources */ = {
			isa = PBXSourcesBuildPhase;
			buildActionMask = 2147483647;
			files = (
				BE3E79241E55A06800A515D1 /* FireBaseTestUITests.swift in Sources */,
			);
			runOnlyForDeploymentPostprocessing = 0;
		};
/* End PBXSourcesBuildPhase section */

/* Begin PBXTargetDependency section */
		BE3E79161E55A06800A515D1 /* PBXTargetDependency */ = {
			isa = PBXTargetDependency;
			target = BE3E78FF1E55A06700A515D1 /* FireBaseTest */;
			targetProxy = BE3E79151E55A06800A515D1 /* PBXContainerItemProxy */;
		};
		BE3E79211E55A06800A515D1 /* PBXTargetDependency */ = {
			isa = PBXTargetDependency;
			target = BE3E78FF1E55A06700A515D1 /* FireBaseTest */;
			targetProxy = BE3E79201E55A06800A515D1 /* PBXContainerItemProxy */;
		};
/* End PBXTargetDependency section */

/* Begin PBXVariantGroup section */
		BE3E79071E55A06700A515D1 /* Main.storyboard */ = {
			isa = PBXVariantGroup;
			children = (
				BE3E79081E55A06700A515D1 /* Base */,
			);
			name = Main.storyboard;
			sourceTree = "<group>";
		};
		BE3E790C1E55A06700A515D1 /* LaunchScreen.storyboard */ = {
			isa = PBXVariantGroup;
			children = (
				BE3E790D1E55A06700A515D1 /* Base */,
			);
			name = LaunchScreen.storyboard;
			sourceTree = "<group>";
		};
/* End PBXVariantGroup section */

/* Begin XCBuildConfiguration section */
		BE3E79261E55A06800A515D1 /* Debug */ = {
			isa = XCBuildConfiguration;
			buildSettings = {
				ALWAYS_SEARCH_USER_PATHS = NO;
				CLANG_ANALYZER_NONNULL = YES;
				CLANG_CXX_LANGUAGE_STANDARD = "gnu++0x";
				CLANG_CXX_LIBRARY = "libc++";
				CLANG_ENABLE_MODULES = YES;
				CLANG_ENABLE_OBJC_ARC = YES;
				CLANG_WARN_BOOL_CONVERSION = YES;
				CLANG_WARN_CONSTANT_CONVERSION = YES;
				CLANG_WARN_DIRECT_OBJC_ISA_USAGE = YES_ERROR;
				CLANG_WARN_DOCUMENTATION_COMMENTS = YES;
				CLANG_WARN_EMPTY_BODY = YES;
				CLANG_WARN_ENUM_CONVERSION = YES;
				CLANG_WARN_INFINITE_RECURSION = YES;
				CLANG_WARN_INT_CONVERSION = YES;
				CLANG_WARN_OBJC_ROOT_CLASS = YES_ERROR;
				CLANG_WARN_SUSPICIOUS_MOVE = YES;
				CLANG_WARN_UNREACHABLE_CODE = YES;
				CLANG_WARN__DUPLICATE_METHOD_MATCH = YES;
				"CODE_SIGN_IDENTITY[sdk=iphoneos*]" = "iPhone Developer";
				COPY_PHASE_STRIP = NO;
				DEBUG_INFORMATION_FORMAT = dwarf;
				ENABLE_STRICT_OBJC_MSGSEND = YES;
				ENABLE_TESTABILITY = YES;
				GCC_C_LANGUAGE_STANDARD = gnu99;
				GCC_DYNAMIC_NO_PIC = NO;
				GCC_NO_COMMON_BLOCKS = YES;
				GCC_OPTIMIZATION_LEVEL = 0;
				GCC_PREPROCESSOR_DEFINITIONS = (
					"DEBUG=1",
					"$(inherited)",
				);
				GCC_WARN_64_TO_32_BIT_CONVERSION = YES;
				GCC_WARN_ABOUT_RETURN_TYPE = YES_ERROR;
				GCC_WARN_UNDECLARED_SELECTOR = YES;
				GCC_WARN_UNINITIALIZED_AUTOS = YES_AGGRESSIVE;
				GCC_WARN_UNUSED_FUNCTION = YES;
				GCC_WARN_UNUSED_VARIABLE = YES;
				IPHONEOS_DEPLOYMENT_TARGET = 10.2;
				MTL_ENABLE_DEBUG_INFO = YES;
				ONLY_ACTIVE_ARCH = YES;
				SDKROOT = iphoneos;
				SWIFT_ACTIVE_COMPILATION_CONDITIONS = DEBUG;
				SWIFT_OPTIMIZATION_LEVEL = "-Onone";
				TARGETED_DEVICE_FAMILY = "1,2";
			};
			name = Debug;
		};
		BE3E79271E55A06800A515D1 /* Release */ = {
			isa = XCBuildConfiguration;
			buildSettings = {
				ALWAYS_SEARCH_USER_PATHS = NO;
				CLANG_ANALYZER_NONNULL = YES;
				CLANG_CXX_LANGUAGE_STANDARD = "gnu++0x";
				CLANG_CXX_LIBRARY = "libc++";
				CLANG_ENABLE_MODULES = YES;
				CLANG_ENABLE_OBJC_ARC = YES;
				CLANG_WARN_BOOL_CONVERSION = YES;
				CLANG_WARN_CONSTANT_CONVERSION = YES;
				CLANG_WARN_DIRECT_OBJC_ISA_USAGE = YES_ERROR;
				CLANG_WARN_DOCUMENTATION_COMMENTS = YES;
				CLANG_WARN_EMPTY_BODY = YES;
				CLANG_WARN_ENUM_CONVERSION = YES;
				CLANG_WARN_INFINITE_RECURSION = YES;
				CLANG_WARN_INT_CONVERSION = YES;
				CLANG_WARN_OBJC_ROOT_CLASS = YES_ERROR;
				CLANG_WARN_SUSPICIOUS_MOVE = YES;
				CLANG_WARN_UNREACHABLE_CODE = YES;
				CLANG_WARN__DUPLICATE_METHOD_MATCH = YES;
				"CODE_SIGN_IDENTITY[sdk=iphoneos*]" = "iPhone Developer";
				COPY_PHASE_STRIP = NO;
				DEBUG_INFORMATION_FORMAT = "dwarf-with-dsym";
				ENABLE_NS_ASSERTIONS = NO;
				ENABLE_STRICT_OBJC_MSGSEND = YES;
				GCC_C_LANGUAGE_STANDARD = gnu99;
				GCC_NO_COMMON_BLOCKS = YES;
				GCC_WARN_64_TO_32_BIT_CONVERSION = YES;
				GCC_WARN_ABOUT_RETURN_TYPE = YES_ERROR;
				GCC_WARN_UNDECLARED_SELECTOR = YES;
				GCC_WARN_UNINITIALIZED_AUTOS = YES_AGGRESSIVE;
				GCC_WARN_UNUSED_FUNCTION = YES;
				GCC_WARN_UNUSED_VARIABLE = YES;
				IPHONEOS_DEPLOYMENT_TARGET = 10.2;
				MTL_ENABLE_DEBUG_INFO = NO;
				SDKROOT = iphoneos;
				SWIFT_OPTIMIZATION_LEVEL = "-Owholemodule";
				TARGETED_DEVICE_FAMILY = "1,2";
				VALIDATE_PRODUCT = YES;
			};
			name = Release;
		};
		BE3E79291E55A06800A515D1 /* Debug */ = {
			isa = XCBuildConfiguration;
			baseConfigurationReference = AA55BD4BEB5356A4B8996367 /* Pods-FireBaseTest.debug.xcconfig */;
			buildSettings = {
				ASSETCATALOG_COMPILER_APPICON_NAME = AppIcon;
				INFOPLIST_FILE = FireBaseTest/Info.plist;
				LD_RUNPATH_SEARCH_PATHS = "$(inherited) @executable_path/Frameworks";
				PRODUCT_BUNDLE_IDENTIFIER = test.FireBaseTest;
				PRODUCT_NAME = "$(TARGET_NAME)";
				SWIFT_VERSION = 3.0;
			};
			name = Debug;
		};
		BE3E792A1E55A06800A515D1 /* Release */ = {
			isa = XCBuildConfiguration;
			baseConfigurationReference = 1734F162FBAFDE52B63D3A19 /* Pods-FireBaseTest.release.xcconfig */;
			buildSettings = {
				ASSETCATALOG_COMPILER_APPICON_NAME = AppIcon;
				INFOPLIST_FILE = FireBaseTest/Info.plist;
				LD_RUNPATH_SEARCH_PATHS = "$(inherited) @executable_path/Frameworks";
				PRODUCT_BUNDLE_IDENTIFIER = test.FireBaseTest;
				PRODUCT_NAME = "$(TARGET_NAME)";
				SWIFT_VERSION = 3.0;
			};
			name = Release;
		};
		BE3E792C1E55A06800A515D1 /* Debug */ = {
			isa = XCBuildConfiguration;
			buildSettings = {
				ALWAYS_EMBED_SWIFT_STANDARD_LIBRARIES = YES;
				BUNDLE_LOADER = "$(TEST_HOST)";
				INFOPLIST_FILE = FireBaseTestTests/Info.plist;
				LD_RUNPATH_SEARCH_PATHS = "$(inherited) @executable_path/Frameworks @loader_path/Frameworks";
				PRODUCT_BUNDLE_IDENTIFIER = test.FireBaseTestTests;
				PRODUCT_NAME = "$(TARGET_NAME)";
				SWIFT_VERSION = 3.0;
				TEST_HOST = "$(BUILT_PRODUCTS_DIR)/FireBaseTest.app/FireBaseTest";
			};
			name = Debug;
		};
		BE3E792D1E55A06800A515D1 /* Release */ = {
			isa = XCBuildConfiguration;
			buildSettings = {
				ALWAYS_EMBED_SWIFT_STANDARD_LIBRARIES = YES;
				BUNDLE_LOADER = "$(TEST_HOST)";
				INFOPLIST_FILE = FireBaseTestTests/Info.plist;
				LD_RUNPATH_SEARCH_PATHS = "$(inherited) @executable_path/Frameworks @loader_path/Frameworks";
				PRODUCT_BUNDLE_IDENTIFIER = test.FireBaseTestTests;
				PRODUCT_NAME = "$(TARGET_NAME)";
				SWIFT_VERSION = 3.0;
				TEST_HOST = "$(BUILT_PRODUCTS_DIR)/FireBaseTest.app/FireBaseTest";
			};
			name = Release;
		};
		BE3E792F1E55A06800A515D1 /* Debug */ = {
			isa = XCBuildConfiguration;
			buildSettings = {
				ALWAYS_EMBED_SWIFT_STANDARD_LIBRARIES = YES;
				INFOPLIST_FILE = FireBaseTestUITests/Info.plist;
				LD_RUNPATH_SEARCH_PATHS = "$(inherited) @executable_path/Frameworks @loader_path/Frameworks";
				PRODUCT_BUNDLE_IDENTIFIER = test.FireBaseTestUITests;
				PRODUCT_NAME = "$(TARGET_NAME)";
				SWIFT_VERSION = 3.0;
				TEST_TARGET_NAME = FireBaseTest;
			};
			name = Debug;
		};
		BE3E79301E55A06800A515D1 /* Release */ = {
			isa = XCBuildConfiguration;
			buildSettings = {
				ALWAYS_EMBED_SWIFT_STANDARD_LIBRARIES = YES;
				INFOPLIST_FILE = FireBaseTestUITests/Info.plist;
				LD_RUNPATH_SEARCH_PATHS = "$(inherited) @executable_path/Frameworks @loader_path/Frameworks";
				PRODUCT_BUNDLE_IDENTIFIER = test.FireBaseTestUITests;
				PRODUCT_NAME = "$(TARGET_NAME)";
				SWIFT_VERSION = 3.0;
				TEST_TARGET_NAME = FireBaseTest;
			};
			name = Release;
		};
/* End XCBuildConfiguration section */

/* Begin XCConfigurationList section */
		BE3E78FB1E55A06700A515D1 /* Build configuration list for PBXProject "FireBaseTest" */ = {
			isa = XCConfigurationList;
			buildConfigurations = (
				BE3E79261E55A06800A515D1 /* Debug */,
				BE3E79271E55A06800A515D1 /* Release */,
			);
			defaultConfigurationIsVisible = 0;
			defaultConfigurationName = Release;
		};
		BE3E79281E55A06800A515D1 /* Build configuration list for PBXNativeTarget "FireBaseTest" */ = {
			isa = XCConfigurationList;
			buildConfigurations = (
				BE3E79291E55A06800A515D1 /* Debug */,
				BE3E792A1E55A06800A515D1 /* Release */,
			);
			defaultConfigurationIsVisible = 0;
			defaultConfigurationName = Release;
		};
		BE3E792B1E55A06800A515D1 /* Build configuration list for PBXNativeTarget "FireBaseTestTests" */ = {
			isa = XCConfigurationList;
			buildConfigurations = (
				BE3E792C1E55A06800A515D1 /* Debug */,
				BE3E792D1E55A06800A515D1 /* Release */,
			);
			defaultConfigurationIsVisible = 0;
			defaultConfigurationName = Release;
		};
		BE3E792E1E55A06800A515D1 /* Build configuration list for PBXNativeTarget "FireBaseTestUITests" */ = {
			isa = XCConfigurationList;
			buildConfigurations = (
				BE3E792F1E55A06800A515D1 /* Debug */,
				BE3E79301E55A06800A515D1 /* Release */,
			);
			defaultConfigurationIsVisible = 0;
			defaultConfigurationName = Release;
		};
/* End XCConfigurationList section */
	};
	rootObject = BE3E78F81E55A06700A515D1 /* Project object */;
}
