// !$*UTF8*$!
{
	archiveVersion = 1;
	classes = {
	};
	objectVersion = 46;
	objects = {

/* Begin PBXBuildFile section */
		BE54021C1E51F19500D69B38 /* AppDelegate.swift in Sources */ = {isa = PBXBuildFile; fileRef = BE54021B1E51F19500D69B38 /* AppDelegate.swift */; };
		BE54021E1E51F19500D69B38 /* ViewController.swift in Sources */ = {isa = PBXBuildFile; fileRef = BE54021D1E51F19500D69B38 /* ViewController.swift */; };
		BE5402211E51F19500D69B38 /* Main.storyboard in Resources */ = {isa = PBXBuildFile; fileRef = BE54021F1E51F19500D69B38 /* Main.storyboard */; };
		BE5402231E51F19500D69B38 /* Assets.xcassets in Resources */ = {isa = PBXBuildFile; fileRef = BE5402221E51F19500D69B38 /* Assets.xcassets */; };
		BE5402261E51F19500D69B38 /* LaunchScreen.storyboard in Resources */ = {isa = PBXBuildFile; fileRef = BE5402241E51F19500D69B38 /* LaunchScreen.storyboard */; };
		BE5402311E51F19500D69B38 /* HowAnAppFunctionsTests.swift in Sources */ = {isa = PBXBuildFile; fileRef = BE5402301E51F19500D69B38 /* HowAnAppFunctionsTests.swift */; };
		BE54023C1E51F19500D69B38 /* HowAnAppFunctionsUITests.swift in Sources */ = {isa = PBXBuildFile; fileRef = BE54023B1E51F19500D69B38 /* HowAnAppFunctionsUITests.swift */; };
		BE97E5061E5202B900EBE1E9 /* Anotherbit.storyboard in Resources */ = {isa = PBXBuildFile; fileRef = BE97E5041E5202B900EBE1E9 /* Anotherbit.storyboard */; };
		BE97E5081E52030E00EBE1E9 /* NavigatorBit.storyboard in Resources */ = {isa = PBXBuildFile; fileRef = BE97E5071E52030E00EBE1E9 /* NavigatorBit.storyboard */; };
/* End PBXBuildFile section */

/* Begin PBXContainerItemProxy section */
		BE54022D1E51F19500D69B38 /* PBXContainerItemProxy */ = {
			isa = PBXContainerItemProxy;
			containerPortal = BE5402101E51F19400D69B38 /* Project object */;
			proxyType = 1;
			remoteGlobalIDString = BE5402171E51F19500D69B38;
			remoteInfo = HowAnAppFunctions;
		};
		BE5402381E51F19500D69B38 /* PBXContainerItemProxy */ = {
			isa = PBXContainerItemProxy;
			containerPortal = BE5402101E51F19400D69B38 /* Project object */;
			proxyType = 1;
			remoteGlobalIDString = BE5402171E51F19500D69B38;
			remoteInfo = HowAnAppFunctions;
		};
/* End PBXContainerItemProxy section */

/* Begin PBXFileReference section */
		BE5402181E51F19500D69B38 /* HowAnAppFunctions.app */ = {isa = PBXFileReference; explicitFileType = wrapper.application; includeInIndex = 0; path = HowAnAppFunctions.app; sourceTree = BUILT_PRODUCTS_DIR; };
		BE54021B1E51F19500D69B38 /* AppDelegate.swift */ = {isa = PBXFileReference; lastKnownFileType = sourcecode.swift; path = AppDelegate.swift; sourceTree = "<group>"; };
		BE54021D1E51F19500D69B38 /* ViewController.swift */ = {isa = PBXFileReference; lastKnownFileType = sourcecode.swift; path = ViewController.swift; sourceTree = "<group>"; };
		BE5402201E51F19500D69B38 /* Base */ = {isa = PBXFileReference; lastKnownFileType = file.storyboard; name = Base; path = Base.lproj/Main.storyboard; sourceTree = "<group>"; };
		BE5402221E51F19500D69B38 /* Assets.xcassets */ = {isa = PBXFileReference; lastKnownFileType = folder.assetcatalog; path = Assets.xcassets; sourceTree = "<group>"; };
		BE5402251E51F19500D69B38 /* Base */ = {isa = PBXFileReference; lastKnownFileType = file.storyboard; name = Base; path = Base.lproj/LaunchScreen.storyboard; sourceTree = "<group>"; };
		BE5402271E51F19500D69B38 /* Info.plist */ = {isa = PBXFileReference; lastKnownFileType = text.plist.xml; path = Info.plist; sourceTree = "<group>"; };
		BE54022C1E51F19500D69B38 /* HowAnAppFunctionsTests.xctest */ = {isa = PBXFileReference; explicitFileType = wrapper.cfbundle; includeInIndex = 0; path = HowAnAppFunctionsTests.xctest; sourceTree = BUILT_PRODUCTS_DIR; };
		BE5402301E51F19500D69B38 /* HowAnAppFunctionsTests.swift */ = {isa = PBXFileReference; lastKnownFileType = sourcecode.swift; path = HowAnAppFunctionsTests.swift; sourceTree = "<group>"; };
		BE5402321E51F19500D69B38 /* Info.plist */ = {isa = PBXFileReference; lastKnownFileType = text.plist.xml; path = Info.plist; sourceTree = "<group>"; };
		BE5402371E51F19500D69B38 /* HowAnAppFunctionsUITests.xctest */ = {isa = PBXFileReference; explicitFileType = wrapper.cfbundle; includeInIndex = 0; path = HowAnAppFunctionsUITests.xctest; sourceTree = BUILT_PRODUCTS_DIR; };
		BE54023B1E51F19500D69B38 /* HowAnAppFunctionsUITests.swift */ = {isa = PBXFileReference; lastKnownFileType = sourcecode.swift; path = HowAnAppFunctionsUITests.swift; sourceTree = "<group>"; };
		BE54023D1E51F19500D69B38 /* Info.plist */ = {isa = PBXFileReference; lastKnownFileType = text.plist.xml; path = Info.plist; sourceTree = "<group>"; };
		BE97E5051E5202B900EBE1E9 /* Base */ = {isa = PBXFileReference; lastKnownFileType = file.storyboard; name = Base; path = Base.lproj/Anotherbit.storyboard; sourceTree = "<group>"; };
		BE97E5071E52030E00EBE1E9 /* NavigatorBit.storyboard */ = {isa = PBXFileReference; fileEncoding = 4; lastKnownFileType = file.storyboard; path = NavigatorBit.storyboard; sourceTree = "<group>"; };
/* End PBXFileReference section */

/* Begin PBXFrameworksBuildPhase section */
		BE5402151E51F19500D69B38 /* Frameworks */ = {
			isa = PBXFrameworksBuildPhase;
			buildActionMask = 2147483647;
			files = (
			);
			runOnlyForDeploymentPostprocessing = 0;
		};
		BE5402291E51F19500D69B38 /* Frameworks */ = {
			isa = PBXFrameworksBuildPhase;
			buildActionMask = 2147483647;
			files = (
			);
			runOnlyForDeploymentPostprocessing = 0;
		};
		BE5402341E51F19500D69B38 /* Frameworks */ = {
			isa = PBXFrameworksBuildPhase;
			buildActionMask = 2147483647;
			files = (
			);
			runOnlyForDeploymentPostprocessing = 0;
		};
/* End PBXFrameworksBuildPhase section */

/* Begin PBXGroup section */
		BE54020F1E51F19400D69B38 = {
			isa = PBXGroup;
			children = (
				BE54021A1E51F19500D69B38 /* HowAnAppFunctions */,
				BE54022F1E51F19500D69B38 /* HowAnAppFunctionsTests */,
				BE54023A1E51F19500D69B38 /* HowAnAppFunctionsUITests */,
				BE5402191E51F19500D69B38 /* Products */,
			);
			sourceTree = "<group>";
		};
		BE5402191E51F19500D69B38 /* Products */ = {
			isa = PBXGroup;
			children = (
				BE5402181E51F19500D69B38 /* HowAnAppFunctions.app */,
				BE54022C1E51F19500D69B38 /* HowAnAppFunctionsTests.xctest */,
				BE5402371E51F19500D69B38 /* HowAnAppFunctionsUITests.xctest */,
			);
			name = Products;
			sourceTree = "<group>";
		};
		BE54021A1E51F19500D69B38 /* HowAnAppFunctions */ = {
			isa = PBXGroup;
			children = (
				BE54021B1E51F19500D69B38 /* AppDelegate.swift */,
				BE54021D1E51F19500D69B38 /* ViewController.swift */,
				BE54021F1E51F19500D69B38 /* Main.storyboard */,
				BE97E5071E52030E00EBE1E9 /* NavigatorBit.storyboard */,
				BE97E5041E5202B900EBE1E9 /* Anotherbit.storyboard */,
				BE5402221E51F19500D69B38 /* Assets.xcassets */,
				BE5402241E51F19500D69B38 /* LaunchScreen.storyboard */,
				BE5402271E51F19500D69B38 /* Info.plist */,
			);
			path = HowAnAppFunctions;
			sourceTree = "<group>";
		};
		BE54022F1E51F19500D69B38 /* HowAnAppFunctionsTests */ = {
			isa = PBXGroup;
			children = (
				BE5402301E51F19500D69B38 /* HowAnAppFunctionsTests.swift */,
				BE5402321E51F19500D69B38 /* Info.plist */,
			);
			path = HowAnAppFunctionsTests;
			sourceTree = "<group>";
		};
		BE54023A1E51F19500D69B38 /* HowAnAppFunctionsUITests */ = {
			isa = PBXGroup;
			children = (
				BE54023B1E51F19500D69B38 /* HowAnAppFunctionsUITests.swift */,
				BE54023D1E51F19500D69B38 /* Info.plist */,
			);
			path = HowAnAppFunctionsUITests;
			sourceTree = "<group>";
		};
/* End PBXGroup section */

/* Begin PBXNativeTarget section */
		BE5402171E51F19500D69B38 /* HowAnAppFunctions */ = {
			isa = PBXNativeTarget;
			buildConfigurationList = BE5402401E51F19500D69B38 /* Build configuration list for PBXNativeTarget "HowAnAppFunctions" */;
			buildPhases = (
				BE5402141E51F19500D69B38 /* Sources */,
				BE5402151E51F19500D69B38 /* Frameworks */,
				BE5402161E51F19500D69B38 /* Resources */,
			);
			buildRules = (
			);
			dependencies = (
			);
			name = HowAnAppFunctions;
			productName = HowAnAppFunctions;
			productReference = BE5402181E51F19500D69B38 /* HowAnAppFunctions.app */;
			productType = "com.apple.product-type.application";
		};
		BE54022B1E51F19500D69B38 /* HowAnAppFunctionsTests */ = {
			isa = PBXNativeTarget;
			buildConfigurationList = BE5402431E51F19500D69B38 /* Build configuration list for PBXNativeTarget "HowAnAppFunctionsTests" */;
			buildPhases = (
				BE5402281E51F19500D69B38 /* Sources */,
				BE5402291E51F19500D69B38 /* Frameworks */,
				BE54022A1E51F19500D69B38 /* Resources */,
			);
			buildRules = (
			);
			dependencies = (
				BE54022E1E51F19500D69B38 /* PBXTargetDependency */,
			);
			name = HowAnAppFunctionsTests;
			productName = HowAnAppFunctionsTests;
			productReference = BE54022C1E51F19500D69B38 /* HowAnAppFunctionsTests.xctest */;
			productType = "com.apple.product-type.bundle.unit-test";
		};
		BE5402361E51F19500D69B38 /* HowAnAppFunctionsUITests */ = {
			isa = PBXNativeTarget;
			buildConfigurationList = BE5402461E51F19500D69B38 /* Build configuration list for PBXNativeTarget "HowAnAppFunctionsUITests" */;
			buildPhases = (
				BE5402331E51F19500D69B38 /* Sources */,
				BE5402341E51F19500D69B38 /* Frameworks */,
				BE5402351E51F19500D69B38 /* Resources */,
			);
			buildRules = (
			);
			dependencies = (
				BE5402391E51F19500D69B38 /* PBXTargetDependency */,
			);
			name = HowAnAppFunctionsUITests;
			productName = HowAnAppFunctionsUITests;
			productReference = BE5402371E51F19500D69B38 /* HowAnAppFunctionsUITests.xctest */;
			productType = "com.apple.product-type.bundle.ui-testing";
		};
/* End PBXNativeTarget section */

/* Begin PBXProject section */
		BE5402101E51F19400D69B38 /* Project object */ = {
			isa = PBXProject;
			attributes = {
				LastSwiftUpdateCheck = 0820;
				LastUpgradeCheck = 0820;
				ORGANIZATIONNAME = "Ben Smith";
				TargetAttributes = {
					BE5402171E51F19500D69B38 = {
						CreatedOnToolsVersion = 8.2.1;
						ProvisioningStyle = Automatic;
					};
					BE54022B1E51F19500D69B38 = {
						CreatedOnToolsVersion = 8.2.1;
						ProvisioningStyle = Automatic;
						TestTargetID = BE5402171E51F19500D69B38;
					};
					BE5402361E51F19500D69B38 = {
						CreatedOnToolsVersion = 8.2.1;
						ProvisioningStyle = Automatic;
						TestTargetID = BE5402171E51F19500D69B38;
					};
				};
			};
			buildConfigurationList = BE5402131E51F19400D69B38 /* Build configuration list for PBXProject "HowAnAppFunctions" */;
			compatibilityVersion = "Xcode 3.2";
			developmentRegion = English;
			hasScannedForEncodings = 0;
			knownRegions = (
				en,
				Base,
			);
			mainGroup = BE54020F1E51F19400D69B38;
			productRefGroup = BE5402191E51F19500D69B38 /* Products */;
			projectDirPath = "";
			projectRoot = "";
			targets = (
				BE5402171E51F19500D69B38 /* HowAnAppFunctions */,
				BE54022B1E51F19500D69B38 /* HowAnAppFunctionsTests */,
				BE5402361E51F19500D69B38 /* HowAnAppFunctionsUITests */,
			);
		};
/* End PBXProject section */

/* Begin PBXResourcesBuildPhase section */
		BE5402161E51F19500D69B38 /* Resources */ = {
			isa = PBXResourcesBuildPhase;
			buildActionMask = 2147483647;
			files = (
				BE97E5081E52030E00EBE1E9 /* NavigatorBit.storyboard in Resources */,
				BE97E5061E5202B900EBE1E9 /* Anotherbit.storyboard in Resources */,
				BE5402261E51F19500D69B38 /* LaunchScreen.storyboard in Resources */,
				BE5402231E51F19500D69B38 /* Assets.xcassets in Resources */,
				BE5402211E51F19500D69B38 /* Main.storyboard in Resources */,
			);
			runOnlyForDeploymentPostprocessing = 0;
		};
		BE54022A1E51F19500D69B38 /* Resources */ = {
			isa = PBXResourcesBuildPhase;
			buildActionMask = 2147483647;
			files = (
			);
			runOnlyForDeploymentPostprocessing = 0;
		};
		BE5402351E51F19500D69B38 /* Resources */ = {
			isa = PBXResourcesBuildPhase;
			buildActionMask = 2147483647;
			files = (
			);
			runOnlyForDeploymentPostprocessing = 0;
		};
/* End PBXResourcesBuildPhase section */

/* Begin PBXSourcesBuildPhase section */
		BE5402141E51F19500D69B38 /* Sources */ = {
			isa = PBXSourcesBuildPhase;
			buildActionMask = 2147483647;
			files = (
				BE54021E1E51F19500D69B38 /* ViewController.swift in Sources */,
				BE54021C1E51F19500D69B38 /* AppDelegate.swift in Sources */,
			);
			runOnlyForDeploymentPostprocessing = 0;
		};
		BE5402281E51F19500D69B38 /* Sources */ = {
			isa = PBXSourcesBuildPhase;
			buildActionMask = 2147483647;
			files = (
				BE5402311E51F19500D69B38 /* HowAnAppFunctionsTests.swift in Sources */,
			);
			runOnlyForDeploymentPostprocessing = 0;
		};
		BE5402331E51F19500D69B38 /* Sources */ = {
			isa = PBXSourcesBuildPhase;
			buildActionMask = 2147483647;
			files = (
				BE54023C1E51F19500D69B38 /* HowAnAppFunctionsUITests.swift in Sources */,
			);
			runOnlyForDeploymentPostprocessing = 0;
		};
/* End PBXSourcesBuildPhase section */

/* Begin PBXTargetDependency section */
		BE54022E1E51F19500D69B38 /* PBXTargetDependency */ = {
			isa = PBXTargetDependency;
			target = BE5402171E51F19500D69B38 /* HowAnAppFunctions */;
			targetProxy = BE54022D1E51F19500D69B38 /* PBXContainerItemProxy */;
		};
		BE5402391E51F19500D69B38 /* PBXTargetDependency */ = {
			isa = PBXTargetDependency;
			target = BE5402171E51F19500D69B38 /* HowAnAppFunctions */;
			targetProxy = BE5402381E51F19500D69B38 /* PBXContainerItemProxy */;
		};
/* End PBXTargetDependency section */

/* Begin PBXVariantGroup section */
		BE54021F1E51F19500D69B38 /* Main.storyboard */ = {
			isa = PBXVariantGroup;
			children = (
				BE5402201E51F19500D69B38 /* Base */,
			);
			name = Main.storyboard;
			sourceTree = "<group>";
		};
		BE5402241E51F19500D69B38 /* LaunchScreen.storyboard */ = {
			isa = PBXVariantGroup;
			children = (
				BE5402251E51F19500D69B38 /* Base */,
			);
			name = LaunchScreen.storyboard;
			sourceTree = "<group>";
		};
		BE97E5041E5202B900EBE1E9 /* Anotherbit.storyboard */ = {
			isa = PBXVariantGroup;
			children = (
				BE97E5051E5202B900EBE1E9 /* Base */,
			);
			name = Anotherbit.storyboard;
			sourceTree = "<group>";
		};
/* End PBXVariantGroup section */

/* Begin XCBuildConfiguration section */
		BE54023E1E51F19500D69B38 /* Debug */ = {
			isa = XCBuildConfiguration;
			buildSettings = {
				ALWAYS_SEARCH_USER_PATHS = NO;
				CLANG_ANALYZER_NONNULL = YES;
				CLANG_CXX_LANGUAGE_STANDARD = "gnu++0x";
				CLANG_CXX_LIBRARY = "libc++";
				CLANG_ENABLE_MODULES = YES;
				CLANG_ENABLE_OBJC_ARC = YES;
				CLANG_WARN_BOOL_CONVERSION = YES;
				CLANG_WARN_CONSTANT_CONVERSION = YES;
				CLANG_WARN_DIRECT_OBJC_ISA_USAGE = YES_ERROR;
				CLANG_WARN_DOCUMENTATION_COMMENTS = YES;
				CLANG_WARN_EMPTY_BODY = YES;
				CLANG_WARN_ENUM_CONVERSION = YES;
				CLANG_WARN_INFINITE_RECURSION = YES;
				CLANG_WARN_INT_CONVERSION = YES;
				CLANG_WARN_OBJC_ROOT_CLASS = YES_ERROR;
				CLANG_WARN_SUSPICIOUS_MOVE = YES;
				CLANG_WARN_UNREACHABLE_CODE = YES;
				CLANG_WARN__DUPLICATE_METHOD_MATCH = YES;
				"CODE_SIGN_IDENTITY[sdk=iphoneos*]" = "iPhone Developer";
				COPY_PHASE_STRIP = NO;
				DEBUG_INFORMATION_FORMAT = dwarf;
				ENABLE_STRICT_OBJC_MSGSEND = YES;
				ENABLE_TESTABILITY = YES;
				GCC_C_LANGUAGE_STANDARD = gnu99;
				GCC_DYNAMIC_NO_PIC = NO;
				GCC_NO_COMMON_BLOCKS = YES;
				GCC_OPTIMIZATION_LEVEL = 0;
				GCC_PREPROCESSOR_DEFINITIONS = (
					"DEBUG=1",
					"$(inherited)",
				);
				GCC_WARN_64_TO_32_BIT_CONVERSION = YES;
				GCC_WARN_ABOUT_RETURN_TYPE = YES_ERROR;
				GCC_WARN_UNDECLARED_SELECTOR = YES;
				GCC_WARN_UNINITIALIZED_AUTOS = YES_AGGRESSIVE;
				GCC_WARN_UNUSED_FUNCTION = YES;
				GCC_WARN_UNUSED_VARIABLE = YES;
				IPHONEOS_DEPLOYMENT_TARGET = 10.2;
				MTL_ENABLE_DEBUG_INFO = YES;
				ONLY_ACTIVE_ARCH = YES;
				SDKROOT = iphoneos;
				SWIFT_ACTIVE_COMPILATION_CONDITIONS = DEBUG;
				SWIFT_OPTIMIZATION_LEVEL = "-Onone";
				TARGETED_DEVICE_FAMILY = "1,2";
			};
			name = Debug;
		};
		BE54023F1E51F19500D69B38 /* Release */ = {
			isa = XCBuildConfiguration;
			buildSettings = {
				ALWAYS_SEARCH_USER_PATHS = NO;
				CLANG_ANALYZER_NONNULL = YES;
				CLANG_CXX_LANGUAGE_STANDARD = "gnu++0x";
				CLANG_CXX_LIBRARY = "libc++";
				CLANG_ENABLE_MODULES = YES;
				CLANG_ENABLE_OBJC_ARC = YES;
				CLANG_WARN_BOOL_CONVERSION = YES;
				CLANG_WARN_CONSTANT_CONVERSION = YES;
				CLANG_WARN_DIRECT_OBJC_ISA_USAGE = YES_ERROR;
				CLANG_WARN_DOCUMENTATION_COMMENTS = YES;
				CLANG_WARN_EMPTY_BODY = YES;
				CLANG_WARN_ENUM_CONVERSION = YES;
				CLANG_WARN_INFINITE_RECURSION = YES;
				CLANG_WARN_INT_CONVERSION = YES;
				CLANG_WARN_OBJC_ROOT_CLASS = YES_ERROR;
				CLANG_WARN_SUSPICIOUS_MOVE = YES;
				CLANG_WARN_UNREACHABLE_CODE = YES;
				CLANG_WARN__DUPLICATE_METHOD_MATCH = YES;
				"CODE_SIGN_IDENTITY[sdk=iphoneos*]" = "iPhone Developer";
				COPY_PHASE_STRIP = NO;
				DEBUG_INFORMATION_FORMAT = "dwarf-with-dsym";
				ENABLE_NS_ASSERTIONS = NO;
				ENABLE_STRICT_OBJC_MSGSEND = YES;
				GCC_C_LANGUAGE_STANDARD = gnu99;
				GCC_NO_COMMON_BLOCKS = YES;
				GCC_WARN_64_TO_32_BIT_CONVERSION = YES;
				GCC_WARN_ABOUT_RETURN_TYPE = YES_ERROR;
				GCC_WARN_UNDECLARED_SELECTOR = YES;
				GCC_WARN_UNINITIALIZED_AUTOS = YES_AGGRESSIVE;
				GCC_WARN_UNUSED_FUNCTION = YES;
				GCC_WARN_UNUSED_VARIABLE = YES;
				IPHONEOS_DEPLOYMENT_TARGET = 10.2;
				MTL_ENABLE_DEBUG_INFO = NO;
				SDKROOT = iphoneos;
				SWIFT_OPTIMIZATION_LEVEL = "-Owholemodule";
				TARGETED_DEVICE_FAMILY = "1,2";
				VALIDATE_PRODUCT = YES;
			};
			name = Release;
		};
		BE5402411E51F19500D69B38 /* Debug */ = {
			isa = XCBuildConfiguration;
			buildSettings = {
				ASSETCATALOG_COMPILER_APPICON_NAME = AppIcon;
				INFOPLIST_FILE = HowAnAppFunctions/Info.plist;
				LD_RUNPATH_SEARCH_PATHS = "$(inherited) @executable_path/Frameworks";
				PRODUCT_BUNDLE_IDENTIFIER = test.HowAnAppFunctions;
				PRODUCT_NAME = "$(TARGET_NAME)";
				SWIFT_VERSION = 3.0;
			};
			name = Debug;
		};
		BE5402421E51F19500D69B38 /* Release */ = {
			isa = XCBuildConfiguration;
			buildSettings = {
				ASSETCATALOG_COMPILER_APPICON_NAME = AppIcon;
				INFOPLIST_FILE = HowAnAppFunctions/Info.plist;
				LD_RUNPATH_SEARCH_PATHS = "$(inherited) @executable_path/Frameworks";
				PRODUCT_BUNDLE_IDENTIFIER = test.HowAnAppFunctions;
				PRODUCT_NAME = "$(TARGET_NAME)";
				SWIFT_VERSION = 3.0;
			};
			name = Release;
		};
		BE5402441E51F19500D69B38 /* Debug */ = {
			isa = XCBuildConfiguration;
			buildSettings = {
				ALWAYS_EMBED_SWIFT_STANDARD_LIBRARIES = YES;
				BUNDLE_LOADER = "$(TEST_HOST)";
				INFOPLIST_FILE = HowAnAppFunctionsTests/Info.plist;
				LD_RUNPATH_SEARCH_PATHS = "$(inherited) @executable_path/Frameworks @loader_path/Frameworks";
				PRODUCT_BUNDLE_IDENTIFIER = test.HowAnAppFunctionsTests;
				PRODUCT_NAME = "$(TARGET_NAME)";
				SWIFT_VERSION = 3.0;
				TEST_HOST = "$(BUILT_PRODUCTS_DIR)/HowAnAppFunctions.app/HowAnAppFunctions";
			};
			name = Debug;
		};
		BE5402451E51F19500D69B38 /* Release */ = {
			isa = XCBuildConfiguration;
			buildSettings = {
				ALWAYS_EMBED_SWIFT_STANDARD_LIBRARIES = YES;
				BUNDLE_LOADER = "$(TEST_HOST)";
				INFOPLIST_FILE = HowAnAppFunctionsTests/Info.plist;
				LD_RUNPATH_SEARCH_PATHS = "$(inherited) @executable_path/Frameworks @loader_path/Frameworks";
				PRODUCT_BUNDLE_IDENTIFIER = test.HowAnAppFunctionsTests;
				PRODUCT_NAME = "$(TARGET_NAME)";
				SWIFT_VERSION = 3.0;
				TEST_HOST = "$(BUILT_PRODUCTS_DIR)/HowAnAppFunctions.app/HowAnAppFunctions";
			};
			name = Release;
		};
		BE5402471E51F19500D69B38 /* Debug */ = {
			isa = XCBuildConfiguration;
			buildSettings = {
				ALWAYS_EMBED_SWIFT_STANDARD_LIBRARIES = YES;
				INFOPLIST_FILE = HowAnAppFunctionsUITests/Info.plist;
				LD_RUNPATH_SEARCH_PATHS = "$(inherited) @executable_path/Frameworks @loader_path/Frameworks";
				PRODUCT_BUNDLE_IDENTIFIER = test.HowAnAppFunctionsUITests;
				PRODUCT_NAME = "$(TARGET_NAME)";
				SWIFT_VERSION = 3.0;
				TEST_TARGET_NAME = HowAnAppFunctions;
			};
			name = Debug;
		};
		BE5402481E51F19500D69B38 /* Release */ = {
			isa = XCBuildConfiguration;
			buildSettings = {
				ALWAYS_EMBED_SWIFT_STANDARD_LIBRARIES = YES;
				INFOPLIST_FILE = HowAnAppFunctionsUITests/Info.plist;
				LD_RUNPATH_SEARCH_PATHS = "$(inherited) @executable_path/Frameworks @loader_path/Frameworks";
				PRODUCT_BUNDLE_IDENTIFIER = test.HowAnAppFunctionsUITests;
				PRODUCT_NAME = "$(TARGET_NAME)";
				SWIFT_VERSION = 3.0;
				TEST_TARGET_NAME = HowAnAppFunctions;
			};
			name = Release;
		};
/* End XCBuildConfiguration section */

/* Begin XCConfigurationList section */
		BE5402131E51F19400D69B38 /* Build configuration list for PBXProject "HowAnAppFunctions" */ = {
			isa = XCConfigurationList;
			buildConfigurations = (
				BE54023E1E51F19500D69B38 /* Debug */,
				BE54023F1E51F19500D69B38 /* Release */,
			);
			defaultConfigurationIsVisible = 0;
			defaultConfigurationName = Release;
		};
		BE5402401E51F19500D69B38 /* Build configuration list for PBXNativeTarget "HowAnAppFunctions" */ = {
			isa = XCConfigurationList;
			buildConfigurations = (
				BE5402411E51F19500D69B38 /* Debug */,
				BE5402421E51F19500D69B38 /* Release */,
			);
			defaultConfigurationIsVisible = 0;
			defaultConfigurationName = Release;
		};
		BE5402431E51F19500D69B38 /* Build configuration list for PBXNativeTarget "HowAnAppFunctionsTests" */ = {
			isa = XCConfigurationList;
			buildConfigurations = (
				BE5402441E51F19500D69B38 /* Debug */,
				BE5402451E51F19500D69B38 /* Release */,
			);
			defaultConfigurationIsVisible = 0;
			defaultConfigurationName = Release;
		};
		BE5402461E51F19500D69B38 /* Build configuration list for PBXNativeTarget "HowAnAppFunctionsUITests" */ = {
			isa = XCConfigurationList;
			buildConfigurations = (
				BE5402471E51F19500D69B38 /* Debug */,
				BE5402481E51F19500D69B38 /* Release */,
			);
			defaultConfigurationIsVisible = 0;
			defaultConfigurationName = Release;
		};
/* End XCConfigurationList section */
	};
	rootObject = BE5402101E51F19400D69B38 /* Project object */;
}
