// !$*UTF8*$!
{
	archiveVersion = 1;
	classes = {
	};
	objectVersion = 46;
	objects = {

/* Begin PBXBuildFile section */
		8BFF8FBF11201ADCE9C2BE5A /* Pods_TestTabbarNavigationUITests.framework in Frameworks */ = {isa = PBXBuildFile; fileRef = DF5F5FED0C19F5F7C6C56F6D /* Pods_TestTabbarNavigationUITests.framework */; };
		BE5B32171E545931001E522A /* MapControllerViewController.swift in Sources */ = {isa = PBXBuildFile; fileRef = BE5B32161E545931001E522A /* MapControllerViewController.swift */; };
		BE5B321D1E549EFD001E522A /* GoogleService-Info.plist in Resources */ = {isa = PBXBuildFile; fileRef = BE5B321C1E549EFD001E522A /* GoogleService-Info.plist */; };
		BEE3BE471E530316005340E4 /* AppDelegate.swift in Sources */ = {isa = PBXBuildFile; fileRef = BEE3BE461E530316005340E4 /* AppDelegate.swift */; };
		BEE3BE4C1E530316005340E4 /* Main.storyboard in Resources */ = {isa = PBXBuildFile; fileRef = BEE3BE4A1E530316005340E4 /* Main.storyboard */; };
		BEE3BE4E1E530316005340E4 /* Assets.xcassets in Resources */ = {isa = PBXBuildFile; fileRef = BEE3BE4D1E530316005340E4 /* Assets.xcassets */; };
		BEE3BE511E530316005340E4 /* LaunchScreen.storyboard in Resources */ = {isa = PBXBuildFile; fileRef = BEE3BE4F1E530316005340E4 /* LaunchScreen.storyboard */; };
		BEE3BE5C1E530316005340E4 /* TestTabbarNavigationTests.swift in Sources */ = {isa = PBXBuildFile; fileRef = BEE3BE5B1E530316005340E4 /* TestTabbarNavigationTests.swift */; };
		BEE3BE671E530316005340E4 /* TestTabbarNavigationUITests.swift in Sources */ = {isa = PBXBuildFile; fileRef = BEE3BE661E530316005340E4 /* TestTabbarNavigationUITests.swift */; };
		BEE3BE751E530B71005340E4 /* TableViewController.swift in Sources */ = {isa = PBXBuildFile; fileRef = BEE3BE741E530B71005340E4 /* TableViewController.swift */; };
		BEF684FC1E60216F002EEA70 /* DataProvider.swift in Sources */ = {isa = PBXBuildFile; fileRef = BEF684ED1E60216F002EEA70 /* DataProvider.swift */; };
		BEF684FD1E60216F002EEA70 /* Festivals.json in Resources */ = {isa = PBXBuildFile; fileRef = BEF684EE1E60216F002EEA70 /* Festivals.json */; };
		BEF684FE1E60216F002EEA70 /* Dates.swift in Sources */ = {isa = PBXBuildFile; fileRef = BEF684F01E60216F002EEA70 /* Dates.swift */; };
		BEF684FF1E60216F002EEA70 /* De.swift in Sources */ = {isa = PBXBuildFile; fileRef = BEF684F11E60216F002EEA70 /* De.swift */; };
		BEF685001E60216F002EEA70 /* Details.swift in Sources */ = {isa = PBXBuildFile; fileRef = BEF684F21E60216F002EEA70 /* Details.swift */; };
		BEF685011E60216F002EEA70 /* En.swift in Sources */ = {isa = PBXBuildFile; fileRef = BEF684F31E60216F002EEA70 /* En.swift */; };
		BEF685021E60216F002EEA70 /* Es.swift in Sources */ = {isa = PBXBuildFile; fileRef = BEF684F41E60216F002EEA70 /* Es.swift */; };
		BEF685031E60216F002EEA70 /* Festival.swift in Sources */ = {isa = PBXBuildFile; fileRef = BEF684F51E60216F002EEA70 /* Festival.swift */; };
		BEF685041E60216F002EEA70 /* Fr.swift in Sources */ = {isa = PBXBuildFile; fileRef = BEF684F61E60216F002EEA70 /* Fr.swift */; };
		BEF685051E60216F002EEA70 /* It.swift in Sources */ = {isa = PBXBuildFile; fileRef = BEF684F71E60216F002EEA70 /* It.swift */; };
		BEF685061E60216F002EEA70 /* Location.swift in Sources */ = {isa = PBXBuildFile; fileRef = BEF684F81E60216F002EEA70 /* Location.swift */; };
		BEF685071E60216F002EEA70 /* Media.swift in Sources */ = {isa = PBXBuildFile; fileRef = BEF684F91E60216F002EEA70 /* Media.swift */; };
		BEF685081E60216F002EEA70 /* Nl.swift in Sources */ = {isa = PBXBuildFile; fileRef = BEF684FA1E60216F002EEA70 /* Nl.swift */; };
		BEF685091E60216F002EEA70 /* Types.swift in Sources */ = {isa = PBXBuildFile; fileRef = BEF684FB1E60216F002EEA70 /* Types.swift */; };
/* End PBXBuildFile section */

/* Begin PBXContainerItemProxy section */
		BEE3BE581E530316005340E4 /* PBXContainerItemProxy */ = {
			isa = PBXContainerItemProxy;
			containerPortal = BEE3BE3B1E530316005340E4 /* Project object */;
			proxyType = 1;
			remoteGlobalIDString = BEE3BE421E530316005340E4;
			remoteInfo = TestTabbarNavigation;
		};
		BEE3BE631E530316005340E4 /* PBXContainerItemProxy */ = {
			isa = PBXContainerItemProxy;
			containerPortal = BEE3BE3B1E530316005340E4 /* Project object */;
			proxyType = 1;
			remoteGlobalIDString = BEE3BE421E530316005340E4;
			remoteInfo = TestTabbarNavigation;
		};
/* End PBXContainerItemProxy section */

/* Begin PBXFileReference section */
		28B0CF5737515104BA9F8450 /* Pods_TestTabbarNavigation.framework */ = {isa = PBXFileReference; explicitFileType = wrapper.framework; includeInIndex = 0; path = Pods_TestTabbarNavigation.framework; sourceTree = BUILT_PRODUCTS_DIR; };
		5F3C3D07ED26A317F8BBD530 /* Pods_TestTabbarNavigationTests.framework */ = {isa = PBXFileReference; explicitFileType = wrapper.framework; includeInIndex = 0; path = Pods_TestTabbarNavigationTests.framework; sourceTree = BUILT_PRODUCTS_DIR; };
		661C223C2407165973021CD1 /* Pods-TestTabbarNavigationUITests.debug.xcconfig */ = {isa = PBXFileReference; includeInIndex = 1; lastKnownFileType = text.xcconfig; name = "Pods-TestTabbarNavigationUITests.debug.xcconfig"; path = "Pods/Target Support Files/Pods-TestTabbarNavigationUITests/Pods-TestTabbarNavigationUITests.debug.xcconfig"; sourceTree = "<group>"; };
		BE5B32161E545931001E522A /* MapControllerViewController.swift */ = {isa = PBXFileReference; fileEncoding = 4; lastKnownFileType = sourcecode.swift; path = MapControllerViewController.swift; sourceTree = "<group>"; };
		BE5B321C1E549EFD001E522A /* GoogleService-Info.plist */ = {isa = PBXFileReference; fileEncoding = 4; lastKnownFileType = text.plist.xml; path = "GoogleService-Info.plist"; sourceTree = "<group>"; };
		BEE3BE431E530316005340E4 /* TestTabbarNavigation.app */ = {isa = PBXFileReference; explicitFileType = wrapper.application; includeInIndex = 0; path = TestTabbarNavigation.app; sourceTree = BUILT_PRODUCTS_DIR; };
		BEE3BE461E530316005340E4 /* AppDelegate.swift */ = {isa = PBXFileReference; lastKnownFileType = sourcecode.swift; path = AppDelegate.swift; sourceTree = "<group>"; };
		BEE3BE4B1E530316005340E4 /* Base */ = {isa = PBXFileReference; lastKnownFileType = file.storyboard; name = Base; path = Base.lproj/Main.storyboard; sourceTree = "<group>"; };
		BEE3BE4D1E530316005340E4 /* Assets.xcassets */ = {isa = PBXFileReference; lastKnownFileType = folder.assetcatalog; path = Assets.xcassets; sourceTree = "<group>"; };
		BEE3BE501E530316005340E4 /* Base */ = {isa = PBXFileReference; lastKnownFileType = file.storyboard; name = Base; path = Base.lproj/LaunchScreen.storyboard; sourceTree = "<group>"; };
		BEE3BE521E530316005340E4 /* Info.plist */ = {isa = PBXFileReference; lastKnownFileType = text.plist.xml; path = Info.plist; sourceTree = "<group>"; };
		BEE3BE571E530316005340E4 /* TestTabbarNavigationTests.xctest */ = {isa = PBXFileReference; explicitFileType = wrapper.cfbundle; includeInIndex = 0; path = TestTabbarNavigationTests.xctest; sourceTree = BUILT_PRODUCTS_DIR; };
		BEE3BE5B1E530316005340E4 /* TestTabbarNavigationTests.swift */ = {isa = PBXFileReference; lastKnownFileType = sourcecode.swift; path = TestTabbarNavigationTests.swift; sourceTree = "<group>"; };
		BEE3BE5D1E530316005340E4 /* Info.plist */ = {isa = PBXFileReference; lastKnownFileType = text.plist.xml; path = Info.plist; sourceTree = "<group>"; };
		BEE3BE621E530316005340E4 /* TestTabbarNavigationUITests.xctest */ = {isa = PBXFileReference; explicitFileType = wrapper.cfbundle; includeInIndex = 0; path = TestTabbarNavigationUITests.xctest; sourceTree = BUILT_PRODUCTS_DIR; };
		BEE3BE661E530316005340E4 /* TestTabbarNavigationUITests.swift */ = {isa = PBXFileReference; lastKnownFileType = sourcecode.swift; path = TestTabbarNavigationUITests.swift; sourceTree = "<group>"; };
		BEE3BE681E530316005340E4 /* Info.plist */ = {isa = PBXFileReference; lastKnownFileType = text.plist.xml; path = Info.plist; sourceTree = "<group>"; };
		BEE3BE741E530B71005340E4 /* TableViewController.swift */ = {isa = PBXFileReference; fileEncoding = 4; lastKnownFileType = sourcecode.swift; name = TableViewController.swift; path = ../TableViewController.swift; sourceTree = "<group>"; };
		BEF684ED1E60216F002EEA70 /* DataProvider.swift */ = {isa = PBXFileReference; fileEncoding = 4; lastKnownFileType = sourcecode.swift; path = DataProvider.swift; sourceTree = "<group>"; };
		BEF684EE1E60216F002EEA70 /* Festivals.json */ = {isa = PBXFileReference; fileEncoding = 4; lastKnownFileType = text.json; path = Festivals.json; sourceTree = "<group>"; };
		BEF684F01E60216F002EEA70 /* Dates.swift */ = {isa = PBXFileReference; fileEncoding = 4; lastKnownFileType = sourcecode.swift; path = Dates.swift; sourceTree = "<group>"; };
		BEF684F11E60216F002EEA70 /* De.swift */ = {isa = PBXFileReference; fileEncoding = 4; lastKnownFileType = sourcecode.swift; path = De.swift; sourceTree = "<group>"; };
		BEF684F21E60216F002EEA70 /* Details.swift */ = {isa = PBXFileReference; fileEncoding = 4; lastKnownFileType = sourcecode.swift; path = Details.swift; sourceTree = "<group>"; };
		BEF684F31E60216F002EEA70 /* En.swift */ = {isa = PBXFileReference; fileEncoding = 4; lastKnownFileType = sourcecode.swift; path = En.swift; sourceTree = "<group>"; };
		BEF684F41E60216F002EEA70 /* Es.swift */ = {isa = PBXFileReference; fileEncoding = 4; lastKnownFileType = sourcecode.swift; path = Es.swift; sourceTree = "<group>"; };
		BEF684F51E60216F002EEA70 /* Festival.swift */ = {isa = PBXFileReference; fileEncoding = 4; lastKnownFileType = sourcecode.swift; path = Festival.swift; sourceTree = "<group>"; };
		BEF684F61E60216F002EEA70 /* Fr.swift */ = {isa = PBXFileReference; fileEncoding = 4; lastKnownFileType = sourcecode.swift; path = Fr.swift; sourceTree = "<group>"; };
		BEF684F71E60216F002EEA70 /* It.swift */ = {isa = PBXFileReference; fileEncoding = 4; lastKnownFileType = sourcecode.swift; path = It.swift; sourceTree = "<group>"; };
		BEF684F81E60216F002EEA70 /* Location.swift */ = {isa = PBXFileReference; fileEncoding = 4; lastKnownFileType = sourcecode.swift; path = Location.swift; sourceTree = "<group>"; };
		BEF684F91E60216F002EEA70 /* Media.swift */ = {isa = PBXFileReference; fileEncoding = 4; lastKnownFileType = sourcecode.swift; path = Media.swift; sourceTree = "<group>"; };
		BEF684FA1E60216F002EEA70 /* Nl.swift */ = {isa = PBXFileReference; fileEncoding = 4; lastKnownFileType = sourcecode.swift; path = Nl.swift; sourceTree = "<group>"; };
		BEF684FB1E60216F002EEA70 /* Types.swift */ = {isa = PBXFileReference; fileEncoding = 4; lastKnownFileType = sourcecode.swift; path = Types.swift; sourceTree = "<group>"; };
		DC0FA65CA0734990D19A5248 /* Pods-TestTabbarNavigationUITests.release.xcconfig */ = {isa = PBXFileReference; includeInIndex = 1; lastKnownFileType = text.xcconfig; name = "Pods-TestTabbarNavigationUITests.release.xcconfig"; path = "Pods/Target Support Files/Pods-TestTabbarNavigationUITests/Pods-TestTabbarNavigationUITests.release.xcconfig"; sourceTree = "<group>"; };
		DF5F5FED0C19F5F7C6C56F6D /* Pods_TestTabbarNavigationUITests.framework */ = {isa = PBXFileReference; explicitFileType = wrapper.framework; includeInIndex = 0; path = Pods_TestTabbarNavigationUITests.framework; sourceTree = BUILT_PRODUCTS_DIR; };
/* End PBXFileReference section */

/* Begin PBXFrameworksBuildPhase section */
		BEE3BE401E530316005340E4 /* Frameworks */ = {
			isa = PBXFrameworksBuildPhase;
			buildActionMask = 2147483647;
			files = (
			);
			runOnlyForDeploymentPostprocessing = 0;
		};
		BEE3BE541E530316005340E4 /* Frameworks */ = {
			isa = PBXFrameworksBuildPhase;
			buildActionMask = 2147483647;
			files = (
			);
			runOnlyForDeploymentPostprocessing = 0;
		};
		BEE3BE5F1E530316005340E4 /* Frameworks */ = {
			isa = PBXFrameworksBuildPhase;
			buildActionMask = 2147483647;
			files = (
				8BFF8FBF11201ADCE9C2BE5A /* Pods_TestTabbarNavigationUITests.framework in Frameworks */,
			);
			runOnlyForDeploymentPostprocessing = 0;
		};
/* End PBXFrameworksBuildPhase section */

/* Begin PBXGroup section */
		96329DA9DD215E41141564D2 /* Frameworks */ = {
			isa = PBXGroup;
			children = (
				28B0CF5737515104BA9F8450 /* Pods_TestTabbarNavigation.framework */,
				5F3C3D07ED26A317F8BBD530 /* Pods_TestTabbarNavigationTests.framework */,
				DF5F5FED0C19F5F7C6C56F6D /* Pods_TestTabbarNavigationUITests.framework */,
			);
			name = Frameworks;
			sourceTree = "<group>";
		};
		BEE3BE3A1E530316005340E4 = {
			isa = PBXGroup;
			children = (
				BEE3BE451E530316005340E4 /* TestTabbarNavigation */,
				BEE3BE5A1E530316005340E4 /* TestTabbarNavigationTests */,
				BEE3BE651E530316005340E4 /* TestTabbarNavigationUITests */,
				BEE3BE441E530316005340E4 /* Products */,
				E2FFB3095701CAFDDC7A3D98 /* Pods */,
				96329DA9DD215E41141564D2 /* Frameworks */,
			);
			sourceTree = "<group>";
		};
		BEE3BE441E530316005340E4 /* Products */ = {
			isa = PBXGroup;
			children = (
				BEE3BE431E530316005340E4 /* TestTabbarNavigation.app */,
				BEE3BE571E530316005340E4 /* TestTabbarNavigationTests.xctest */,
				BEE3BE621E530316005340E4 /* TestTabbarNavigationUITests.xctest */,
			);
			name = Products;
			sourceTree = "<group>";
		};
		BEE3BE451E530316005340E4 /* TestTabbarNavigation */ = {
			isa = PBXGroup;
			children = (
				BEF684EC1E60216F002EEA70 /* DataLayer */,
				BEE3BE741E530B71005340E4 /* TableViewController.swift */,
				BEE3BE461E530316005340E4 /* AppDelegate.swift */,
				BEE3BE4A1E530316005340E4 /* Main.storyboard */,
				BE5B32161E545931001E522A /* MapControllerViewController.swift */,
				BEE3BE4D1E530316005340E4 /* Assets.xcassets */,
				BEE3BE4F1E530316005340E4 /* LaunchScreen.storyboard */,
				BEE3BE521E530316005340E4 /* Info.plist */,
				BE5B321C1E549EFD001E522A /* GoogleService-Info.plist */,
			);
			path = TestTabbarNavigation;
			sourceTree = "<group>";
		};
		BEE3BE5A1E530316005340E4 /* TestTabbarNavigationTests */ = {
			isa = PBXGroup;
			children = (
				BEE3BE5B1E530316005340E4 /* TestTabbarNavigationTests.swift */,
				BEE3BE5D1E530316005340E4 /* Info.plist */,
			);
			path = TestTabbarNavigationTests;
			sourceTree = "<group>";
		};
		BEE3BE651E530316005340E4 /* TestTabbarNavigationUITests */ = {
			isa = PBXGroup;
			children = (
				BEE3BE661E530316005340E4 /* TestTabbarNavigationUITests.swift */,
				BEE3BE681E530316005340E4 /* Info.plist */,
			);
			path = TestTabbarNavigationUITests;
			sourceTree = "<group>";
		};
		BEF684EC1E60216F002EEA70 /* DataLayer */ = {
			isa = PBXGroup;
			children = (
				BEF684ED1E60216F002EEA70 /* DataProvider.swift */,
				BEF684EE1E60216F002EEA70 /* Festivals.json */,
				BEF684EF1E60216F002EEA70 /* Model */,
			);
			path = DataLayer;
			sourceTree = "<group>";
		};
		BEF684EF1E60216F002EEA70 /* Model */ = {
			isa = PBXGroup;
			children = (
				BEF684F01E60216F002EEA70 /* Dates.swift */,
				BEF684F11E60216F002EEA70 /* De.swift */,
				BEF684F21E60216F002EEA70 /* Details.swift */,
				BEF684F31E60216F002EEA70 /* En.swift */,
				BEF684F41E60216F002EEA70 /* Es.swift */,
				BEF684F51E60216F002EEA70 /* Festival.swift */,
				BEF684F61E60216F002EEA70 /* Fr.swift */,
				BEF684F71E60216F002EEA70 /* It.swift */,
				BEF684F81E60216F002EEA70 /* Location.swift */,
				BEF684F91E60216F002EEA70 /* Media.swift */,
				BEF684FA1E60216F002EEA70 /* Nl.swift */,
				BEF684FB1E60216F002EEA70 /* Types.swift */,
			);
			path = Model;
			sourceTree = "<group>";
		};
		E2FFB3095701CAFDDC7A3D98 /* Pods */ = {
			isa = PBXGroup;
			children = (
				661C223C2407165973021CD1 /* Pods-TestTabbarNavigationUITests.debug.xcconfig */,
				DC0FA65CA0734990D19A5248 /* Pods-TestTabbarNavigationUITests.release.xcconfig */,
			);
			name = Pods;
			sourceTree = "<group>";
		};
/* End PBXGroup section */

/* Begin PBXNativeTarget section */
		BEE3BE421E530316005340E4 /* TestTabbarNavigation */ = {
			isa = PBXNativeTarget;
			buildConfigurationList = BEE3BE6B1E530316005340E4 /* Build configuration list for PBXNativeTarget "TestTabbarNavigation" */;
			buildPhases = (
				BEE3BE3F1E530316005340E4 /* Sources */,
				BEE3BE401E530316005340E4 /* Frameworks */,
				BEE3BE411E530316005340E4 /* Resources */,
			);
			buildRules = (
			);
			dependencies = (
			);
			name = TestTabbarNavigation;
			productName = TestTabbarNavigation;
			productReference = BEE3BE431E530316005340E4 /* TestTabbarNavigation.app */;
			productType = "com.apple.product-type.application";
		};
		BEE3BE561E530316005340E4 /* TestTabbarNavigationTests */ = {
			isa = PBXNativeTarget;
			buildConfigurationList = BEE3BE6E1E530316005340E4 /* Build configuration list for PBXNativeTarget "TestTabbarNavigationTests" */;
			buildPhases = (
				BEE3BE531E530316005340E4 /* Sources */,
				BEE3BE541E530316005340E4 /* Frameworks */,
				BEE3BE551E530316005340E4 /* Resources */,
			);
			buildRules = (
			);
			dependencies = (
				BEE3BE591E530316005340E4 /* PBXTargetDependency */,
			);
			name = TestTabbarNavigationTests;
			productName = TestTabbarNavigationTests;
			productReference = BEE3BE571E530316005340E4 /* TestTabbarNavigationTests.xctest */;
			productType = "com.apple.product-type.bundle.unit-test";
		};
		BEE3BE611E530316005340E4 /* TestTabbarNavigationUITests */ = {
			isa = PBXNativeTarget;
			buildConfigurationList = BEE3BE711E530316005340E4 /* Build configuration list for PBXNativeTarget "TestTabbarNavigationUITests" */;
			buildPhases = (
				CD9CF42A1B4EE87DBC968CF5 /* [CP] Check Pods Manifest.lock */,
				BEE3BE5E1E530316005340E4 /* Sources */,
				BEE3BE5F1E530316005340E4 /* Frameworks */,
				BEE3BE601E530316005340E4 /* Resources */,
				4C309DE75027C023C310F0F9 /* [CP] Embed Pods Frameworks */,
				D70D384F38B636DB0714AD61 /* [CP] Copy Pods Resources */,
			);
			buildRules = (
			);
			dependencies = (
				BEE3BE641E530316005340E4 /* PBXTargetDependency */,
			);
			name = TestTabbarNavigationUITests;
			productName = TestTabbarNavigationUITests;
			productReference = BEE3BE621E530316005340E4 /* TestTabbarNavigationUITests.xctest */;
			productType = "com.apple.product-type.bundle.ui-testing";
		};
/* End PBXNativeTarget section */

/* Begin PBXProject section */
		BEE3BE3B1E530316005340E4 /* Project object */ = {
			isa = PBXProject;
			attributes = {
				LastSwiftUpdateCheck = 0820;
				LastUpgradeCheck = 0820;
				ORGANIZATIONNAME = "Ben Smith";
				TargetAttributes = {
					BEE3BE421E530316005340E4 = {
						CreatedOnToolsVersion = 8.2.1;
						DevelopmentTeam = CWK29L7ZPT;
						ProvisioningStyle = Automatic;
					};
					BEE3BE561E530316005340E4 = {
						CreatedOnToolsVersion = 8.2.1;
						ProvisioningStyle = Automatic;
						TestTargetID = BEE3BE421E530316005340E4;
					};
					BEE3BE611E530316005340E4 = {
						CreatedOnToolsVersion = 8.2.1;
						ProvisioningStyle = Automatic;
						TestTargetID = BEE3BE421E530316005340E4;
					};
				};
			};
			buildConfigurationList = BEE3BE3E1E530316005340E4 /* Build configuration list for PBXProject "TestTabbarNavigation" */;
			compatibilityVersion = "Xcode 3.2";
			developmentRegion = English;
			hasScannedForEncodings = 0;
			knownRegions = (
				en,
				Base,
			);
			mainGroup = BEE3BE3A1E530316005340E4;
			productRefGroup = BEE3BE441E530316005340E4 /* Products */;
			projectDirPath = "";
			projectRoot = "";
			targets = (
				BEE3BE421E530316005340E4 /* TestTabbarNavigation */,
				BEE3BE561E530316005340E4 /* TestTabbarNavigationTests */,
				BEE3BE611E530316005340E4 /* TestTabbarNavigationUITests */,
			);
		};
/* End PBXProject section */

/* Begin PBXResourcesBuildPhase section */
		BEE3BE411E530316005340E4 /* Resources */ = {
			isa = PBXResourcesBuildPhase;
			buildActionMask = 2147483647;
			files = (
				BEE3BE511E530316005340E4 /* LaunchScreen.storyboard in Resources */,
				BE5B321D1E549EFD001E522A /* GoogleService-Info.plist in Resources */,
				BEE3BE4E1E530316005340E4 /* Assets.xcassets in Resources */,
				BEF684FD1E60216F002EEA70 /* Festivals.json in Resources */,
				BEE3BE4C1E530316005340E4 /* Main.storyboard in Resources */,
			);
			runOnlyForDeploymentPostprocessing = 0;
		};
		BEE3BE551E530316005340E4 /* Resources */ = {
			isa = PBXResourcesBuildPhase;
			buildActionMask = 2147483647;
			files = (
			);
			runOnlyForDeploymentPostprocessing = 0;
		};
		BEE3BE601E530316005340E4 /* Resources */ = {
			isa = PBXResourcesBuildPhase;
			buildActionMask = 2147483647;
			files = (
			);
			runOnlyForDeploymentPostprocessing = 0;
		};
/* End PBXResourcesBuildPhase section */

/* Begin PBXShellScriptBuildPhase section */
		4C309DE75027C023C310F0F9 /* [CP] Embed Pods Frameworks */ = {
			isa = PBXShellScriptBuildPhase;
			buildActionMask = 2147483647;
			files = (
			);
			inputPaths = (
			);
			name = "[CP] Embed Pods Frameworks";
			outputPaths = (
			);
			runOnlyForDeploymentPostprocessing = 0;
			shellPath = /bin/sh;
			shellScript = "\"${SRCROOT}/Pods/Target Support Files/Pods-TestTabbarNavigationUITests/Pods-TestTabbarNavigationUITests-frameworks.sh\"\n";
			showEnvVarsInLog = 0;
		};
		CD9CF42A1B4EE87DBC968CF5 /* [CP] Check Pods Manifest.lock */ = {
			isa = PBXShellScriptBuildPhase;
			buildActionMask = 2147483647;
			files = (
			);
			inputPaths = (
			);
			name = "[CP] Check Pods Manifest.lock";
			outputPaths = (
			);
			runOnlyForDeploymentPostprocessing = 0;
			shellPath = /bin/sh;
			shellScript = "diff \"${PODS_ROOT}/../Podfile.lock\" \"${PODS_ROOT}/Manifest.lock\" > /dev/null\nif [ $? != 0 ] ; then\n    # print error to STDERR\n    echo \"error: The sandbox is not in sync with the Podfile.lock. Run 'pod install' or update your CocoaPods installation.\" >&2\n    exit 1\nfi\n";
			showEnvVarsInLog = 0;
		};
		D70D384F38B636DB0714AD61 /* [CP] Copy Pods Resources */ = {
			isa = PBXShellScriptBuildPhase;
			buildActionMask = 2147483647;
			files = (
			);
			inputPaths = (
			);
			name = "[CP] Copy Pods Resources";
			outputPaths = (
			);
			runOnlyForDeploymentPostprocessing = 0;
			shellPath = /bin/sh;
			shellScript = "\"${SRCROOT}/Pods/Target Support Files/Pods-TestTabbarNavigationUITests/Pods-TestTabbarNavigationUITests-resources.sh\"\n";
			showEnvVarsInLog = 0;
		};
/* End PBXShellScriptBuildPhase section */

/* Begin PBXSourcesBuildPhase section */
		BEE3BE3F1E530316005340E4 /* Sources */ = {
			isa = PBXSourcesBuildPhase;
			buildActionMask = 2147483647;
			files = (
				BEE3BE471E530316005340E4 /* AppDelegate.swift in Sources */,
				BEF684FE1E60216F002EEA70 /* Dates.swift in Sources */,
				BEF685071E60216F002EEA70 /* Media.swift in Sources */,
				BEF685021E60216F002EEA70 /* Es.swift in Sources */,
				BEF685041E60216F002EEA70 /* Fr.swift in Sources */,
				BEF685031E60216F002EEA70 /* Festival.swift in Sources */,
				BEF684FF1E60216F002EEA70 /* De.swift in Sources */,
				BEF685061E60216F002EEA70 /* Location.swift in Sources */,
				BEF685081E60216F002EEA70 /* Nl.swift in Sources */,
				BEE3BE751E530B71005340E4 /* TableViewController.swift in Sources */,
				BEF684FC1E60216F002EEA70 /* DataProvider.swift in Sources */,
				BEF685091E60216F002EEA70 /* Types.swift in Sources */,
				BEF685051E60216F002EEA70 /* It.swift in Sources */,
				BE5B32171E545931001E522A /* MapControllerViewController.swift in Sources */,
				BEF685011E60216F002EEA70 /* En.swift in Sources */,
				BEF685001E60216F002EEA70 /* Details.swift in Sources */,
			);
			runOnlyForDeploymentPostprocessing = 0;
		};
		BEE3BE531E530316005340E4 /* Sources */ = {
			isa = PBXSourcesBuildPhase;
			buildActionMask = 2147483647;
			files = (
				BEE3BE5C1E530316005340E4 /* TestTabbarNavigationTests.swift in Sources */,
			);
			runOnlyForDeploymentPostprocessing = 0;
		};
		BEE3BE5E1E530316005340E4 /* Sources */ = {
			isa = PBXSourcesBuildPhase;
			buildActionMask = 2147483647;
			files = (
				BEE3BE671E530316005340E4 /* TestTabbarNavigationUITests.swift in Sources */,
			);
			runOnlyForDeploymentPostprocessing = 0;
		};
/* End PBXSourcesBuildPhase section */

/* Begin PBXTargetDependency section */
		BEE3BE591E530316005340E4 /* PBXTargetDependency */ = {
			isa = PBXTargetDependency;
			target = BEE3BE421E530316005340E4 /* TestTabbarNavigation */;
			targetProxy = BEE3BE581E530316005340E4 /* PBXContainerItemProxy */;
		};
		BEE3BE641E530316005340E4 /* PBXTargetDependency */ = {
			isa = PBXTargetDependency;
			target = BEE3BE421E530316005340E4 /* TestTabbarNavigation */;
			targetProxy = BEE3BE631E530316005340E4 /* PBXContainerItemProxy */;
		};
/* End PBXTargetDependency section */

/* Begin PBXVariantGroup section */
		BEE3BE4A1E530316005340E4 /* Main.storyboard */ = {
			isa = PBXVariantGroup;
			children = (
				BEE3BE4B1E530316005340E4 /* Base */,
			);
			name = Main.storyboard;
			sourceTree = "<group>";
		};
		BEE3BE4F1E530316005340E4 /* LaunchScreen.storyboard */ = {
			isa = PBXVariantGroup;
			children = (
				BEE3BE501E530316005340E4 /* Base */,
			);
			name = LaunchScreen.storyboard;
			sourceTree = "<group>";
		};
/* End PBXVariantGroup section */

/* Begin XCBuildConfiguration section */
		BEE3BE691E530316005340E4 /* Debug */ = {
			isa = XCBuildConfiguration;
			buildSettings = {
				ALWAYS_SEARCH_USER_PATHS = NO;
				CLANG_ANALYZER_NONNULL = YES;
				CLANG_CXX_LANGUAGE_STANDARD = "gnu++0x";
				CLANG_CXX_LIBRARY = "libc++";
				CLANG_ENABLE_MODULES = YES;
				CLANG_ENABLE_OBJC_ARC = YES;
				CLANG_WARN_BOOL_CONVERSION = YES;
				CLANG_WARN_CONSTANT_CONVERSION = YES;
				CLANG_WARN_DIRECT_OBJC_ISA_USAGE = YES_ERROR;
				CLANG_WARN_DOCUMENTATION_COMMENTS = YES;
				CLANG_WARN_EMPTY_BODY = YES;
				CLANG_WARN_ENUM_CONVERSION = YES;
				CLANG_WARN_INFINITE_RECURSION = YES;
				CLANG_WARN_INT_CONVERSION = YES;
				CLANG_WARN_OBJC_ROOT_CLASS = YES_ERROR;
				CLANG_WARN_SUSPICIOUS_MOVE = YES;
				CLANG_WARN_UNREACHABLE_CODE = YES;
				CLANG_WARN__DUPLICATE_METHOD_MATCH = YES;
				"CODE_SIGN_IDENTITY[sdk=iphoneos*]" = "iPhone Developer";
				COPY_PHASE_STRIP = NO;
				DEBUG_INFORMATION_FORMAT = dwarf;
				ENABLE_STRICT_OBJC_MSGSEND = YES;
				ENABLE_TESTABILITY = YES;
				GCC_C_LANGUAGE_STANDARD = gnu99;
				GCC_DYNAMIC_NO_PIC = NO;
				GCC_NO_COMMON_BLOCKS = YES;
				GCC_OPTIMIZATION_LEVEL = 0;
				GCC_PREPROCESSOR_DEFINITIONS = (
					"DEBUG=1",
					"$(inherited)",
				);
				GCC_WARN_64_TO_32_BIT_CONVERSION = YES;
				GCC_WARN_ABOUT_RETURN_TYPE = YES_ERROR;
				GCC_WARN_UNDECLARED_SELECTOR = YES;
				GCC_WARN_UNINITIALIZED_AUTOS = YES_AGGRESSIVE;
				GCC_WARN_UNUSED_FUNCTION = YES;
				GCC_WARN_UNUSED_VARIABLE = YES;
				IPHONEOS_DEPLOYMENT_TARGET = 8.0;
				MTL_ENABLE_DEBUG_INFO = YES;
				ONLY_ACTIVE_ARCH = YES;
				SDKROOT = iphoneos;
				SWIFT_ACTIVE_COMPILATION_CONDITIONS = DEBUG;
				SWIFT_OPTIMIZATION_LEVEL = "-Onone";
				TARGETED_DEVICE_FAMILY = "1,2";
			};
			name = Debug;
		};
		BEE3BE6A1E530316005340E4 /* Release */ = {
			isa = XCBuildConfiguration;
			buildSettings = {
				ALWAYS_SEARCH_USER_PATHS = NO;
				CLANG_ANALYZER_NONNULL = YES;
				CLANG_CXX_LANGUAGE_STANDARD = "gnu++0x";
				CLANG_CXX_LIBRARY = "libc++";
				CLANG_ENABLE_MODULES = YES;
				CLANG_ENABLE_OBJC_ARC = YES;
				CLANG_WARN_BOOL_CONVERSION = YES;
				CLANG_WARN_CONSTANT_CONVERSION = YES;
				CLANG_WARN_DIRECT_OBJC_ISA_USAGE = YES_ERROR;
				CLANG_WARN_DOCUMENTATION_COMMENTS = YES;
				CLANG_WARN_EMPTY_BODY = YES;
				CLANG_WARN_ENUM_CONVERSION = YES;
				CLANG_WARN_INFINITE_RECURSION = YES;
				CLANG_WARN_INT_CONVERSION = YES;
				CLANG_WARN_OBJC_ROOT_CLASS = YES_ERROR;
				CLANG_WARN_SUSPICIOUS_MOVE = YES;
				CLANG_WARN_UNREACHABLE_CODE = YES;
				CLANG_WARN__DUPLICATE_METHOD_MATCH = YES;
				"CODE_SIGN_IDENTITY[sdk=iphoneos*]" = "iPhone Developer";
				COPY_PHASE_STRIP = NO;
				DEBUG_INFORMATION_FORMAT = "dwarf-with-dsym";
				ENABLE_NS_ASSERTIONS = NO;
				ENABLE_STRICT_OBJC_MSGSEND = YES;
				GCC_C_LANGUAGE_STANDARD = gnu99;
				GCC_NO_COMMON_BLOCKS = YES;
				GCC_WARN_64_TO_32_BIT_CONVERSION = YES;
				GCC_WARN_ABOUT_RETURN_TYPE = YES_ERROR;
				GCC_WARN_UNDECLARED_SELECTOR = YES;
				GCC_WARN_UNINITIALIZED_AUTOS = YES_AGGRESSIVE;
				GCC_WARN_UNUSED_FUNCTION = YES;
				GCC_WARN_UNUSED_VARIABLE = YES;
				IPHONEOS_DEPLOYMENT_TARGET = 8.0;
				MTL_ENABLE_DEBUG_INFO = NO;
				SDKROOT = iphoneos;
				SWIFT_OPTIMIZATION_LEVEL = "-Owholemodule";
				TARGETED_DEVICE_FAMILY = "1,2";
				VALIDATE_PRODUCT = YES;
			};
			name = Release;
		};
		BEE3BE6C1E530316005340E4 /* Debug */ = {
			isa = XCBuildConfiguration;
			buildSettings = {
				ASSETCATALOG_COMPILER_APPICON_NAME = AppIcon;
				DEVELOPMENT_TEAM = CWK29L7ZPT;
				INFOPLIST_FILE = TestTabbarNavigation/Info.plist;
				IPHONEOS_DEPLOYMENT_TARGET = 9.3;
				LD_RUNPATH_SEARCH_PATHS = "$(inherited) @executable_path/Frameworks";
				PRODUCT_BUNDLE_IDENTIFIER = test.TestTabbarNavigation;
				PRODUCT_NAME = "$(TARGET_NAME)";
				SWIFT_VERSION = 3.0;
			};
			name = Debug;
		};
		BEE3BE6D1E530316005340E4 /* Release */ = {
			isa = XCBuildConfiguration;
			buildSettings = {
				ASSETCATALOG_COMPILER_APPICON_NAME = AppIcon;
				DEVELOPMENT_TEAM = CWK29L7ZPT;
				INFOPLIST_FILE = TestTabbarNavigation/Info.plist;
				IPHONEOS_DEPLOYMENT_TARGET = 9.3;
				LD_RUNPATH_SEARCH_PATHS = "$(inherited) @executable_path/Frameworks";
				PRODUCT_BUNDLE_IDENTIFIER = test.TestTabbarNavigation;
				PRODUCT_NAME = "$(TARGET_NAME)";
				SWIFT_VERSION = 3.0;
			};
			name = Release;
		};
		BEE3BE6F1E530316005340E4 /* Debug */ = {
			isa = XCBuildConfiguration;
			buildSettings = {
				ALWAYS_EMBED_SWIFT_STANDARD_LIBRARIES = YES;
				BUNDLE_LOADER = "$(TEST_HOST)";
				INFOPLIST_FILE = TestTabbarNavigationTests/Info.plist;
				LD_RUNPATH_SEARCH_PATHS = "$(inherited) @executable_path/Frameworks @loader_path/Frameworks";
				PRODUCT_BUNDLE_IDENTIFIER = test.TestTabbarNavigationTests;
				PRODUCT_NAME = "$(TARGET_NAME)";
				SWIFT_VERSION = 3.0;
				TEST_HOST = "$(BUILT_PRODUCTS_DIR)/TestTabbarNavigation.app/TestTabbarNavigation";
			};
			name = Debug;
		};
		BEE3BE701E530316005340E4 /* Release */ = {
			isa = XCBuildConfiguration;
			buildSettings = {
				ALWAYS_EMBED_SWIFT_STANDARD_LIBRARIES = YES;
				BUNDLE_LOADER = "$(TEST_HOST)";
				INFOPLIST_FILE = TestTabbarNavigationTests/Info.plist;
				LD_RUNPATH_SEARCH_PATHS = "$(inherited) @executable_path/Frameworks @loader_path/Frameworks";
				PRODUCT_BUNDLE_IDENTIFIER = test.TestTabbarNavigationTests;
				PRODUCT_NAME = "$(TARGET_NAME)";
				SWIFT_VERSION = 3.0;
				TEST_HOST = "$(BUILT_PRODUCTS_DIR)/TestTabbarNavigation.app/TestTabbarNavigation";
			};
			name = Release;
		};
		BEE3BE721E530316005340E4 /* Debug */ = {
			isa = XCBuildConfiguration;
			baseConfigurationReference = 661C223C2407165973021CD1 /* Pods-TestTabbarNavigationUITests.debug.xcconfig */;
			buildSettings = {
				ALWAYS_EMBED_SWIFT_STANDARD_LIBRARIES = YES;
				INFOPLIST_FILE = TestTabbarNavigationUITests/Info.plist;
				LD_RUNPATH_SEARCH_PATHS = "$(inherited) @executable_path/Frameworks @loader_path/Frameworks";
				PRODUCT_BUNDLE_IDENTIFIER = test.TestTabbarNavigationUITests;
				PRODUCT_NAME = "$(TARGET_NAME)";
				SWIFT_VERSION = 3.0;
				TEST_TARGET_NAME = TestTabbarNavigation;
			};
			name = Debug;
		};
		BEE3BE731E530316005340E4 /* Release */ = {
			isa = XCBuildConfiguration;
			baseConfigurationReference = DC0FA65CA0734990D19A5248 /* Pods-TestTabbarNavigationUITests.release.xcconfig */;
			buildSettings = {
				ALWAYS_EMBED_SWIFT_STANDARD_LIBRARIES = YES;
				INFOPLIST_FILE = TestTabbarNavigationUITests/Info.plist;
				LD_RUNPATH_SEARCH_PATHS = "$(inherited) @executable_path/Frameworks @loader_path/Frameworks";
				PRODUCT_BUNDLE_IDENTIFIER = test.TestTabbarNavigationUITests;
				PRODUCT_NAME = "$(TARGET_NAME)";
				SWIFT_VERSION = 3.0;
				TEST_TARGET_NAME = TestTabbarNavigation;
			};
			name = Release;
		};
/* End XCBuildConfiguration section */

/* Begin XCConfigurationList section */
		BEE3BE3E1E530316005340E4 /* Build configuration list for PBXProject "TestTabbarNavigation" */ = {
			isa = XCConfigurationList;
			buildConfigurations = (
				BEE3BE691E530316005340E4 /* Debug */,
				BEE3BE6A1E530316005340E4 /* Release */,
			);
			defaultConfigurationIsVisible = 0;
			defaultConfigurationName = Release;
		};
		BEE3BE6B1E530316005340E4 /* Build configuration list for PBXNativeTarget "TestTabbarNavigation" */ = {
			isa = XCConfigurationList;
			buildConfigurations = (
				BEE3BE6C1E530316005340E4 /* Debug */,
				BEE3BE6D1E530316005340E4 /* Release */,
			);
			defaultConfigurationIsVisible = 0;
			defaultConfigurationName = Release;
		};
		BEE3BE6E1E530316005340E4 /* Build configuration list for PBXNativeTarget "TestTabbarNavigationTests" */ = {
			isa = XCConfigurationList;
			buildConfigurations = (
				BEE3BE6F1E530316005340E4 /* Debug */,
				BEE3BE701E530316005340E4 /* Release */,
			);
			defaultConfigurationIsVisible = 0;
			defaultConfigurationName = Release;
		};
		BEE3BE711E530316005340E4 /* Build configuration list for PBXNativeTarget "TestTabbarNavigationUITests" */ = {
			isa = XCConfigurationList;
			buildConfigurations = (
				BEE3BE721E530316005340E4 /* Debug */,
				BEE3BE731E530316005340E4 /* Release */,
			);
			defaultConfigurationIsVisible = 0;
			defaultConfigurationName = Release;
		};
/* End XCConfigurationList section */
	};
	rootObject = BEE3BE3B1E530316005340E4 /* Project object */;
}
